<?xml version="1.0" encoding="utf-8"?>
<Project ToolsVersion="4.0" xmlns="http://schemas.microsoft.com/developer/msbuild/2003">
  <ItemGroup>
    <Filter Include="Source files">
      <UniqueIdentifier>{47d15cd3-23dd-413b-a68d-89609fa35e68}</UniqueIdentifier>
      <Extensions>cpp;c;cc;cxx;def;odl;idl;hpj;bat;asm;asmx</Extensions>
    </Filter>
    <Filter Include="Header files">
      <UniqueIdentifier>{24e60dec-fe70-4adc-acd3-38a14cc04e8f}</UniqueIdentifier>
      <Extensions>h;hpp;hxx;hm;inl;inc;xsd</Extensions>
    </Filter>
    <Filter Include="Resource files">
      <UniqueIdentifier>{f44330c1-5638-4c97-9fa8-74af0d20f372}</UniqueIdentifier>
      <Extensions>rc;ico;cur;bmp;dlg;rc2;rct;bin;rgs;gif;jpg;jpeg;jpe;resx;tiff;tif;png;wav</Extensions>
    </Filter>
    <Filter Include="Make files">
      <UniqueIdentifier>{fe5d4df0-907d-41fd-8cb0-5a44b02a64e5}</UniqueIdentifier>
      <Extensions>*.mak</Extensions>
    </Filter>
    <Filter Include="VisualGDB settings">
      <UniqueIdentifier>{43ae52c1-4747-46e6-b4ae-44cc79b151e5}</UniqueIdentifier>
      <Extensions>*.vgdbsettings</Extensions>
    </Filter>
    <Filter Include="Source files\Device-specific files">
      <UniqueIdentifier>{91921dd6-33da-4f5b-85e5-cef1458f5d98}</UniqueIdentifier>
    </Filter>
    <Filter Include="Header files\Device-specific files">
      <UniqueIdentifier>{8823f030-372a-43d1-beb8-1adcb94cfe7a}</UniqueIdentifier>
    </Filter>
    <Filter Include="Source files\Device-specific files\FreeRTOS">
      <UniqueIdentifier>{9fa98abe-cae3-4bea-80b8-702d7c6f6947}</UniqueIdentifier>
    </Filter>
    <Filter Include="Header files\Device-specific files\FreeRTOS">
      <UniqueIdentifier>{15a99a2d-3326-4633-b456-6215b5587627}</UniqueIdentifier>
    </Filter>
    <Filter Include="Source files\Device-specific files\LwIP">
      <UniqueIdentifier>{eb2ea9ef-35a2-4bb1-b4f2-83559d1aede3}</UniqueIdentifier>
    </Filter>
    <Filter Include="Header files\Device-specific files\LwIP">
      <UniqueIdentifier>{1db3de90-53df-4a19-a03d-6b7a087a4bec}</UniqueIdentifier>
    </Filter>
    <Filter Include="Source files\Device-specific files\HAL">
      <UniqueIdentifier>{fe21bf5f-1552-4a68-a05f-d2da18a61117}</UniqueIdentifier>
    </Filter>
    <Filter Include="Header files\Device-specific files\HAL">
      <UniqueIdentifier>{1fd8290b-8f07-4e31-90af-47889cd3e31d}</UniqueIdentifier>
    </Filter>
    <Filter Include="Source files\Device-specific files\Board">
      <UniqueIdentifier>{aceb284b-22b6-4323-af02-90980b252e1d}</UniqueIdentifier>
    </Filter>
    <Filter Include="Header files\Device-specific files\Board">
      <UniqueIdentifier>{b857514d-e5ed-4f64-b946-c76adf04ee2a}</UniqueIdentifier>
    </Filter>
  </ItemGroup>
  <ItemGroup>
    <ClCompile Include="server.cpp">
      <Filter>Source files</Filter>
    </ClCompile>
    <ClCompile Include="ethernetif.cpp">
      <Filter>Source files</Filter>
    </ClCompile>
    <ClCompile Include="system_stm32f7xx.cpp">
      <Filter>Source files</Filter>
    </ClCompile>
    <ClCompile Include="..\..\Users\Kenny\AppData\Local\VisualGDB\EmbeddedBSPs\arm-eabi\com.sysprogs.arm.stm32\STM32F7xxxx\StartupFiles\startup_stm32f746xx.c">
      <Filter>Source files\Device-specific files</Filter>
    </ClCompile>
    <ClCompile Include="..\..\Users\Kenny\AppData\Local\VisualGDB\EmbeddedBSPs\arm-eabi\com.sysprogs.arm.stm32\FreeRTOS\Source\croutine.c">
      <Filter>Source files\Device-specific files\FreeRTOS</Filter>
    </ClCompile>
    <ClCompile Include="..\..\Users\Kenny\AppData\Local\VisualGDB\EmbeddedBSPs\arm-eabi\com.sysprogs.arm.stm32\FreeRTOS\Source\event_groups.c">
      <Filter>Source files\Device-specific files\FreeRTOS</Filter>
    </ClCompile>
    <ClCompile Include="..\..\Users\Kenny\AppData\Local\VisualGDB\EmbeddedBSPs\arm-eabi\com.sysprogs.arm.stm32\FreeRTOS\Source\list.c">
      <Filter>Source files\Device-specific files\FreeRTOS</Filter>
    </ClCompile>
    <ClCompile Include="..\..\Users\Kenny\AppData\Local\VisualGDB\EmbeddedBSPs\arm-eabi\com.sysprogs.arm.stm32\FreeRTOS\Source\queue.c">
      <Filter>Source files\Device-specific files\FreeRTOS</Filter>
    </ClCompile>
    <ClCompile Include="..\..\Users\Kenny\AppData\Local\VisualGDB\EmbeddedBSPs\arm-eabi\com.sysprogs.arm.stm32\FreeRTOS\Source\tasks.c">
      <Filter>Source files\Device-specific files\FreeRTOS</Filter>
    </ClCompile>
    <ClCompile Include="..\..\Users\Kenny\AppData\Local\VisualGDB\EmbeddedBSPs\arm-eabi\com.sysprogs.arm.stm32\FreeRTOS\Source\timers.c">
      <Filter>Source files\Device-specific files\FreeRTOS</Filter>
    </ClCompile>
    <ClCompile Include="..\..\Users\Kenny\AppData\Local\VisualGDB\EmbeddedBSPs\arm-eabi\com.sysprogs.arm.stm32\FreeRTOS\Source\CMSIS_RTOS\cmsis_os.c">
      <Filter>Source files\Device-specific files\FreeRTOS</Filter>
    </ClCompile>
    <ClCompile Include="..\..\Users\Kenny\AppData\Local\VisualGDB\EmbeddedBSPs\arm-eabi\com.sysprogs.arm.stm32\FreeRTOS\Source\portable\GCC\ARM_CM3\port.c">
      <Filter>Source files\Device-specific files\FreeRTOS</Filter>
    </ClCompile>
    <ClCompile Include="..\..\Users\Kenny\AppData\Local\VisualGDB\EmbeddedBSPs\arm-eabi\com.sysprogs.arm.stm32\FreeRTOS\Source\portable\MemMang\heap_4.c">
      <Filter>Source files\Device-specific files\FreeRTOS</Filter>
    </ClCompile>
    <ClCompile Include="..\..\Users\Kenny\AppData\Local\VisualGDB\EmbeddedBSPs\arm-eabi\com.sysprogs.arm.stm32\LwIP\src\api\api_lib.c">
      <Filter>Source files\Device-specific files\LwIP</Filter>
    </ClCompile>
    <ClCompile Include="..\..\Users\Kenny\AppData\Local\VisualGDB\EmbeddedBSPs\arm-eabi\com.sysprogs.arm.stm32\LwIP\src\api\api_msg.c">
      <Filter>Source files\Device-specific files\LwIP</Filter>
    </ClCompile>
    <ClCompile Include="..\..\Users\Kenny\AppData\Local\VisualGDB\EmbeddedBSPs\arm-eabi\com.sysprogs.arm.stm32\LwIP\src\api\err.c">
      <Filter>Source files\Device-specific files\LwIP</Filter>
    </ClCompile>
    <ClCompile Include="..\..\Users\Kenny\AppData\Local\VisualGDB\EmbeddedBSPs\arm-eabi\com.sysprogs.arm.stm32\LwIP\src\api\netbuf.c">
      <Filter>Source files\Device-specific files\LwIP</Filter>
    </ClCompile>
    <ClCompile Include="..\..\Users\Kenny\AppData\Local\VisualGDB\EmbeddedBSPs\arm-eabi\com.sysprogs.arm.stm32\LwIP\src\api\netdb.c">
      <Filter>Source files\Device-specific files\LwIP</Filter>
    </ClCompile>
    <ClCompile Include="..\..\Users\Kenny\AppData\Local\VisualGDB\EmbeddedBSPs\arm-eabi\com.sysprogs.arm.stm32\LwIP\src\api\netifapi.c">
      <Filter>Source files\Device-specific files\LwIP</Filter>
    </ClCompile>
    <ClCompile Include="..\..\Users\Kenny\AppData\Local\VisualGDB\EmbeddedBSPs\arm-eabi\com.sysprogs.arm.stm32\LwIP\src\api\sockets.c">
      <Filter>Source files\Device-specific files\LwIP</Filter>
    </ClCompile>
    <ClCompile Include="..\..\Users\Kenny\AppData\Local\VisualGDB\EmbeddedBSPs\arm-eabi\com.sysprogs.arm.stm32\LwIP\src\api\tcpip.c">
      <Filter>Source files\Device-specific files\LwIP</Filter>
    </ClCompile>
    <ClCompile Include="..\..\Users\Kenny\AppData\Local\VisualGDB\EmbeddedBSPs\arm-eabi\com.sysprogs.arm.stm32\LwIP\src\core\def.c">
      <Filter>Source files\Device-specific files\LwIP</Filter>
    </ClCompile>
    <ClCompile Include="..\..\Users\Kenny\AppData\Local\VisualGDB\EmbeddedBSPs\arm-eabi\com.sysprogs.arm.stm32\LwIP\src\core\dhcp.c">
      <Filter>Source files\Device-specific files\LwIP</Filter>
    </ClCompile>
    <ClCompile Include="..\..\Users\Kenny\AppData\Local\VisualGDB\EmbeddedBSPs\arm-eabi\com.sysprogs.arm.stm32\LwIP\src\core\dns.c">
      <Filter>Source files\Device-specific files\LwIP</Filter>
    </ClCompile>
    <ClCompile Include="..\..\Users\Kenny\AppData\Local\VisualGDB\EmbeddedBSPs\arm-eabi\com.sysprogs.arm.stm32\LwIP\src\core\init.c">
      <Filter>Source files\Device-specific files\LwIP</Filter>
    </ClCompile>
    <ClCompile Include="..\..\Users\Kenny\AppData\Local\VisualGDB\EmbeddedBSPs\arm-eabi\com.sysprogs.arm.stm32\LwIP\src\core\lwip_timers.c">
      <Filter>Source files\Device-specific files\LwIP</Filter>
    </ClCompile>
    <ClCompile Include="..\..\Users\Kenny\AppData\Local\VisualGDB\EmbeddedBSPs\arm-eabi\com.sysprogs.arm.stm32\LwIP\src\core\mem.c">
      <Filter>Source files\Device-specific files\LwIP</Filter>
    </ClCompile>
    <ClCompile Include="..\..\Users\Kenny\AppData\Local\VisualGDB\EmbeddedBSPs\arm-eabi\com.sysprogs.arm.stm32\LwIP\src\core\memp.c">
      <Filter>Source files\Device-specific files\LwIP</Filter>
    </ClCompile>
    <ClCompile Include="..\..\Users\Kenny\AppData\Local\VisualGDB\EmbeddedBSPs\arm-eabi\com.sysprogs.arm.stm32\LwIP\src\core\netif.c">
      <Filter>Source files\Device-specific files\LwIP</Filter>
    </ClCompile>
    <ClCompile Include="..\..\Users\Kenny\AppData\Local\VisualGDB\EmbeddedBSPs\arm-eabi\com.sysprogs.arm.stm32\LwIP\src\core\pbuf.c">
      <Filter>Source files\Device-specific files\LwIP</Filter>
    </ClCompile>
    <ClCompile Include="..\..\Users\Kenny\AppData\Local\VisualGDB\EmbeddedBSPs\arm-eabi\com.sysprogs.arm.stm32\LwIP\src\core\raw.c">
      <Filter>Source files\Device-specific files\LwIP</Filter>
    </ClCompile>
    <ClCompile Include="..\..\Users\Kenny\AppData\Local\VisualGDB\EmbeddedBSPs\arm-eabi\com.sysprogs.arm.stm32\LwIP\src\core\stats.c">
      <Filter>Source files\Device-specific files\LwIP</Filter>
    </ClCompile>
    <ClCompile Include="..\..\Users\Kenny\AppData\Local\VisualGDB\EmbeddedBSPs\arm-eabi\com.sysprogs.arm.stm32\LwIP\src\core\sys.c">
      <Filter>Source files\Device-specific files\LwIP</Filter>
    </ClCompile>
    <ClCompile Include="..\..\Users\Kenny\AppData\Local\VisualGDB\EmbeddedBSPs\arm-eabi\com.sysprogs.arm.stm32\LwIP\src\core\tcp.c">
      <Filter>Source files\Device-specific files\LwIP</Filter>
    </ClCompile>
    <ClCompile Include="..\..\Users\Kenny\AppData\Local\VisualGDB\EmbeddedBSPs\arm-eabi\com.sysprogs.arm.stm32\LwIP\src\core\tcp_in.c">
      <Filter>Source files\Device-specific files\LwIP</Filter>
    </ClCompile>
    <ClCompile Include="..\..\Users\Kenny\AppData\Local\VisualGDB\EmbeddedBSPs\arm-eabi\com.sysprogs.arm.stm32\LwIP\src\core\tcp_out.c">
      <Filter>Source files\Device-specific files\LwIP</Filter>
    </ClCompile>
    <ClCompile Include="..\..\Users\Kenny\AppData\Local\VisualGDB\EmbeddedBSPs\arm-eabi\com.sysprogs.arm.stm32\LwIP\src\core\udp.c">
      <Filter>Source files\Device-specific files\LwIP</Filter>
    </ClCompile>
    <ClCompile Include="..\..\Users\Kenny\AppData\Local\VisualGDB\EmbeddedBSPs\arm-eabi\com.sysprogs.arm.stm32\LwIP\src\core\ipv4\autoip.c">
      <Filter>Source files\Device-specific files\LwIP</Filter>
    </ClCompile>
    <ClCompile Include="..\..\Users\Kenny\AppData\Local\VisualGDB\EmbeddedBSPs\arm-eabi\com.sysprogs.arm.stm32\LwIP\src\core\ipv4\icmp.c">
      <Filter>Source files\Device-specific files\LwIP</Filter>
    </ClCompile>
    <ClCompile Include="..\..\Users\Kenny\AppData\Local\VisualGDB\EmbeddedBSPs\arm-eabi\com.sysprogs.arm.stm32\LwIP\src\core\ipv4\igmp.c">
      <Filter>Source files\Device-specific files\LwIP</Filter>
    </ClCompile>
    <ClCompile Include="..\..\Users\Kenny\AppData\Local\VisualGDB\EmbeddedBSPs\arm-eabi\com.sysprogs.arm.stm32\LwIP\src\core\ipv4\inet.c">
      <Filter>Source files\Device-specific files\LwIP</Filter>
    </ClCompile>
    <ClCompile Include="..\..\Users\Kenny\AppData\Local\VisualGDB\EmbeddedBSPs\arm-eabi\com.sysprogs.arm.stm32\LwIP\src\core\ipv4\inet_chksum.c">
      <Filter>Source files\Device-specific files\LwIP</Filter>
    </ClCompile>
    <ClCompile Include="..\..\Users\Kenny\AppData\Local\VisualGDB\EmbeddedBSPs\arm-eabi\com.sysprogs.arm.stm32\LwIP\src\core\ipv4\ip.c">
      <Filter>Source files\Device-specific files\LwIP</Filter>
    </ClCompile>
    <ClCompile Include="..\..\Users\Kenny\AppData\Local\VisualGDB\EmbeddedBSPs\arm-eabi\com.sysprogs.arm.stm32\LwIP\src\core\ipv4\ip_addr.c">
      <Filter>Source files\Device-specific files\LwIP</Filter>
    </ClCompile>
    <ClCompile Include="..\..\Users\Kenny\AppData\Local\VisualGDB\EmbeddedBSPs\arm-eabi\com.sysprogs.arm.stm32\LwIP\src\core\ipv4\ip_frag.c">
      <Filter>Source files\Device-specific files\LwIP</Filter>
    </ClCompile>
    <ClCompile Include="..\..\Users\Kenny\AppData\Local\VisualGDB\EmbeddedBSPs\arm-eabi\com.sysprogs.arm.stm32\LwIP\src\core\snmp\asn1_dec.c">
      <Filter>Source files\Device-specific files\LwIP</Filter>
    </ClCompile>
    <ClCompile Include="..\..\Users\Kenny\AppData\Local\VisualGDB\EmbeddedBSPs\arm-eabi\com.sysprogs.arm.stm32\LwIP\src\core\snmp\asn1_enc.c">
      <Filter>Source files\Device-specific files\LwIP</Filter>
    </ClCompile>
    <ClCompile Include="..\..\Users\Kenny\AppData\Local\VisualGDB\EmbeddedBSPs\arm-eabi\com.sysprogs.arm.stm32\LwIP\src\core\snmp\mib2.c">
      <Filter>Source files\Device-specific files\LwIP</Filter>
    </ClCompile>
    <ClCompile Include="..\..\Users\Kenny\AppData\Local\VisualGDB\EmbeddedBSPs\arm-eabi\com.sysprogs.arm.stm32\LwIP\src\core\snmp\mib_structs.c">
      <Filter>Source files\Device-specific files\LwIP</Filter>
    </ClCompile>
    <ClCompile Include="..\..\Users\Kenny\AppData\Local\VisualGDB\EmbeddedBSPs\arm-eabi\com.sysprogs.arm.stm32\LwIP\src\core\snmp\msg_in.c">
      <Filter>Source files\Device-specific files\LwIP</Filter>
    </ClCompile>
    <ClCompile Include="..\..\Users\Kenny\AppData\Local\VisualGDB\EmbeddedBSPs\arm-eabi\com.sysprogs.arm.stm32\LwIP\src\core\snmp\msg_out.c">
      <Filter>Source files\Device-specific files\LwIP</Filter>
    </ClCompile>
    <ClCompile Include="..\..\Users\Kenny\AppData\Local\VisualGDB\EmbeddedBSPs\arm-eabi\com.sysprogs.arm.stm32\LwIP\src\netif\etharp.c">
      <Filter>Source files\Device-specific files\LwIP</Filter>
    </ClCompile>
    <ClCompile Include="..\..\Users\Kenny\AppData\Local\VisualGDB\EmbeddedBSPs\arm-eabi\com.sysprogs.arm.stm32\LwIP\src\netif\slipif.c">
      <Filter>Source files\Device-specific files\LwIP</Filter>
    </ClCompile>
    <ClCompile Include="..\..\Users\Kenny\AppData\Local\VisualGDB\EmbeddedBSPs\arm-eabi\com.sysprogs.arm.stm32\LwIP\src\netif\ppp\auth.c">
      <Filter>Source files\Device-specific files\LwIP</Filter>
    </ClCompile>
    <ClCompile Include="..\..\Users\Kenny\AppData\Local\VisualGDB\EmbeddedBSPs\arm-eabi\com.sysprogs.arm.stm32\LwIP\src\netif\ppp\chap.c">
      <Filter>Source files\Device-specific files\LwIP</Filter>
    </ClCompile>
    <ClCompile Include="..\..\Users\Kenny\AppData\Local\VisualGDB\EmbeddedBSPs\arm-eabi\com.sysprogs.arm.stm32\LwIP\src\netif\ppp\chpms.c">
      <Filter>Source files\Device-specific files\LwIP</Filter>
    </ClCompile>
    <ClCompile Include="..\..\Users\Kenny\AppData\Local\VisualGDB\EmbeddedBSPs\arm-eabi\com.sysprogs.arm.stm32\LwIP\src\netif\ppp\fsm.c">
      <Filter>Source files\Device-specific files\LwIP</Filter>
    </ClCompile>
    <ClCompile Include="..\..\Users\Kenny\AppData\Local\VisualGDB\EmbeddedBSPs\arm-eabi\com.sysprogs.arm.stm32\LwIP\src\netif\ppp\ipcp.c">
      <Filter>Source files\Device-specific files\LwIP</Filter>
    </ClCompile>
    <ClCompile Include="..\..\Users\Kenny\AppData\Local\VisualGDB\EmbeddedBSPs\arm-eabi\com.sysprogs.arm.stm32\LwIP\src\netif\ppp\lcp.c">
      <Filter>Source files\Device-specific files\LwIP</Filter>
    </ClCompile>
    <ClCompile Include="..\..\Users\Kenny\AppData\Local\VisualGDB\EmbeddedBSPs\arm-eabi\com.sysprogs.arm.stm32\LwIP\src\netif\ppp\magic.c">
      <Filter>Source files\Device-specific files\LwIP</Filter>
    </ClCompile>
    <ClCompile Include="..\..\Users\Kenny\AppData\Local\VisualGDB\EmbeddedBSPs\arm-eabi\com.sysprogs.arm.stm32\LwIP\src\netif\ppp\md5.c">
      <Filter>Source files\Device-specific files\LwIP</Filter>
    </ClCompile>
    <ClCompile Include="..\..\Users\Kenny\AppData\Local\VisualGDB\EmbeddedBSPs\arm-eabi\com.sysprogs.arm.stm32\LwIP\src\netif\ppp\pap.c">
      <Filter>Source files\Device-specific files\LwIP</Filter>
    </ClCompile>
    <ClCompile Include="..\..\Users\Kenny\AppData\Local\VisualGDB\EmbeddedBSPs\arm-eabi\com.sysprogs.arm.stm32\LwIP\src\netif\ppp\ppp.c">
      <Filter>Source files\Device-specific files\LwIP</Filter>
    </ClCompile>
    <ClCompile Include="..\..\Users\Kenny\AppData\Local\VisualGDB\EmbeddedBSPs\arm-eabi\com.sysprogs.arm.stm32\LwIP\src\netif\ppp\ppp_oe.c">
      <Filter>Source files\Device-specific files\LwIP</Filter>
    </ClCompile>
    <ClCompile Include="..\..\Users\Kenny\AppData\Local\VisualGDB\EmbeddedBSPs\arm-eabi\com.sysprogs.arm.stm32\LwIP\src\netif\ppp\randm.c">
      <Filter>Source files\Device-specific files\LwIP</Filter>
    </ClCompile>
    <ClCompile Include="..\..\Users\Kenny\AppData\Local\VisualGDB\EmbeddedBSPs\arm-eabi\com.sysprogs.arm.stm32\LwIP\src\netif\ppp\vj.c">
      <Filter>Source files\Device-specific files\LwIP</Filter>
    </ClCompile>
    <ClCompile Include="..\..\Users\Kenny\AppData\Local\VisualGDB\EmbeddedBSPs\arm-eabi\com.sysprogs.arm.stm32\LwIP\system\OS\sys_arch.c">
      <Filter>Source files\Device-specific files\LwIP</Filter>
    </ClCompile>
    <ClCompile Include="..\..\Users\Kenny\AppData\Local\VisualGDB\EmbeddedBSPs\arm-eabi\com.sysprogs.arm.stm32\STM32F7xxxx\STM32F7xx_HAL_Driver\Src\stm32f7xx_hal.c">
      <Filter>Source files\Device-specific files\HAL</Filter>
    </ClCompile>
    <ClCompile Include="..\..\Users\Kenny\AppData\Local\VisualGDB\EmbeddedBSPs\arm-eabi\com.sysprogs.arm.stm32\STM32F7xxxx\STM32F7xx_HAL_Driver\Src\stm32f7xx_hal_adc.c">
      <Filter>Source files\Device-specific files\HAL</Filter>
    </ClCompile>
    <ClCompile Include="..\..\Users\Kenny\AppData\Local\VisualGDB\EmbeddedBSPs\arm-eabi\com.sysprogs.arm.stm32\STM32F7xxxx\STM32F7xx_HAL_Driver\Src\stm32f7xx_hal_adc_ex.c">
      <Filter>Source files\Device-specific files\HAL</Filter>
    </ClCompile>
    <ClCompile Include="..\..\Users\Kenny\AppData\Local\VisualGDB\EmbeddedBSPs\arm-eabi\com.sysprogs.arm.stm32\STM32F7xxxx\STM32F7xx_HAL_Driver\Src\stm32f7xx_hal_can.c">
      <Filter>Source files\Device-specific files\HAL</Filter>
    </ClCompile>
    <ClCompile Include="..\..\Users\Kenny\AppData\Local\VisualGDB\EmbeddedBSPs\arm-eabi\com.sysprogs.arm.stm32\STM32F7xxxx\STM32F7xx_HAL_Driver\Src\stm32f7xx_hal_cec.c">
      <Filter>Source files\Device-specific files\HAL</Filter>
    </ClCompile>
    <ClCompile Include="..\..\Users\Kenny\AppData\Local\VisualGDB\EmbeddedBSPs\arm-eabi\com.sysprogs.arm.stm32\STM32F7xxxx\STM32F7xx_HAL_Driver\Src\stm32f7xx_hal_cortex.c">
      <Filter>Source files\Device-specific files\HAL</Filter>
    </ClCompile>
    <ClCompile Include="..\..\Users\Kenny\AppData\Local\VisualGDB\EmbeddedBSPs\arm-eabi\com.sysprogs.arm.stm32\STM32F7xxxx\STM32F7xx_HAL_Driver\Src\stm32f7xx_hal_crc.c">
      <Filter>Source files\Device-specific files\HAL</Filter>
    </ClCompile>
    <ClCompile Include="..\..\Users\Kenny\AppData\Local\VisualGDB\EmbeddedBSPs\arm-eabi\com.sysprogs.arm.stm32\STM32F7xxxx\STM32F7xx_HAL_Driver\Src\stm32f7xx_hal_crc_ex.c">
      <Filter>Source files\Device-specific files\HAL</Filter>
    </ClCompile>
    <ClCompile Include="..\..\Users\Kenny\AppData\Local\VisualGDB\EmbeddedBSPs\arm-eabi\com.sysprogs.arm.stm32\STM32F7xxxx\STM32F7xx_HAL_Driver\Src\stm32f7xx_hal_cryp.c">
      <Filter>Source files\Device-specific files\HAL</Filter>
    </ClCompile>
    <ClCompile Include="..\..\Users\Kenny\AppData\Local\VisualGDB\EmbeddedBSPs\arm-eabi\com.sysprogs.arm.stm32\STM32F7xxxx\STM32F7xx_HAL_Driver\Src\stm32f7xx_hal_cryp_ex.c">
      <Filter>Source files\Device-specific files\HAL</Filter>
    </ClCompile>
    <ClCompile Include="..\..\Users\Kenny\AppData\Local\VisualGDB\EmbeddedBSPs\arm-eabi\com.sysprogs.arm.stm32\STM32F7xxxx\STM32F7xx_HAL_Driver\Src\stm32f7xx_hal_dac.c">
      <Filter>Source files\Device-specific files\HAL</Filter>
    </ClCompile>
    <ClCompile Include="..\..\Users\Kenny\AppData\Local\VisualGDB\EmbeddedBSPs\arm-eabi\com.sysprogs.arm.stm32\STM32F7xxxx\STM32F7xx_HAL_Driver\Src\stm32f7xx_hal_dac_ex.c">
      <Filter>Source files\Device-specific files\HAL</Filter>
    </ClCompile>
    <ClCompile Include="..\..\Users\Kenny\AppData\Local\VisualGDB\EmbeddedBSPs\arm-eabi\com.sysprogs.arm.stm32\STM32F7xxxx\STM32F7xx_HAL_Driver\Src\stm32f7xx_hal_dcmi.c">
      <Filter>Source files\Device-specific files\HAL</Filter>
    </ClCompile>
    <ClCompile Include="..\..\Users\Kenny\AppData\Local\VisualGDB\EmbeddedBSPs\arm-eabi\com.sysprogs.arm.stm32\STM32F7xxxx\STM32F7xx_HAL_Driver\Src\stm32f7xx_hal_dcmi_ex.c">
      <Filter>Source files\Device-specific files\HAL</Filter>
    </ClCompile>
    <ClCompile Include="..\..\Users\Kenny\AppData\Local\VisualGDB\EmbeddedBSPs\arm-eabi\com.sysprogs.arm.stm32\STM32F7xxxx\STM32F7xx_HAL_Driver\Src\stm32f7xx_hal_dma.c">
      <Filter>Source files\Device-specific files\HAL</Filter>
    </ClCompile>
    <ClCompile Include="..\..\Users\Kenny\AppData\Local\VisualGDB\EmbeddedBSPs\arm-eabi\com.sysprogs.arm.stm32\STM32F7xxxx\STM32F7xx_HAL_Driver\Src\stm32f7xx_hal_dma2d.c">
      <Filter>Source files\Device-specific files\HAL</Filter>
    </ClCompile>
    <ClCompile Include="..\..\Users\Kenny\AppData\Local\VisualGDB\EmbeddedBSPs\arm-eabi\com.sysprogs.arm.stm32\STM32F7xxxx\STM32F7xx_HAL_Driver\Src\stm32f7xx_hal_dma_ex.c">
      <Filter>Source files\Device-specific files\HAL</Filter>
    </ClCompile>
    <ClCompile Include="..\..\Users\Kenny\AppData\Local\VisualGDB\EmbeddedBSPs\arm-eabi\com.sysprogs.arm.stm32\STM32F7xxxx\STM32F7xx_HAL_Driver\Src\stm32f7xx_hal_eth.c">
      <Filter>Source files\Device-specific files\HAL</Filter>
    </ClCompile>
    <ClCompile Include="..\..\Users\Kenny\AppData\Local\VisualGDB\EmbeddedBSPs\arm-eabi\com.sysprogs.arm.stm32\STM32F7xxxx\STM32F7xx_HAL_Driver\Src\stm32f7xx_hal_flash.c">
      <Filter>Source files\Device-specific files\HAL</Filter>
    </ClCompile>
    <ClCompile Include="..\..\Users\Kenny\AppData\Local\VisualGDB\EmbeddedBSPs\arm-eabi\com.sysprogs.arm.stm32\STM32F7xxxx\STM32F7xx_HAL_Driver\Src\stm32f7xx_hal_flash_ex.c">
      <Filter>Source files\Device-specific files\HAL</Filter>
    </ClCompile>
    <ClCompile Include="..\..\Users\Kenny\AppData\Local\VisualGDB\EmbeddedBSPs\arm-eabi\com.sysprogs.arm.stm32\STM32F7xxxx\STM32F7xx_HAL_Driver\Src\stm32f7xx_hal_gpio.c">
      <Filter>Source files\Device-specific files\HAL</Filter>
    </ClCompile>
    <ClCompile Include="..\..\Users\Kenny\AppData\Local\VisualGDB\EmbeddedBSPs\arm-eabi\com.sysprogs.arm.stm32\STM32F7xxxx\STM32F7xx_HAL_Driver\Src\stm32f7xx_hal_hash.c">
      <Filter>Source files\Device-specific files\HAL</Filter>
    </ClCompile>
    <ClCompile Include="..\..\Users\Kenny\AppData\Local\VisualGDB\EmbeddedBSPs\arm-eabi\com.sysprogs.arm.stm32\STM32F7xxxx\STM32F7xx_HAL_Driver\Src\stm32f7xx_hal_hash_ex.c">
      <Filter>Source files\Device-specific files\HAL</Filter>
    </ClCompile>
    <ClCompile Include="..\..\Users\Kenny\AppData\Local\VisualGDB\EmbeddedBSPs\arm-eabi\com.sysprogs.arm.stm32\STM32F7xxxx\STM32F7xx_HAL_Driver\Src\stm32f7xx_hal_hcd.c">
      <Filter>Source files\Device-specific files\HAL</Filter>
    </ClCompile>
    <ClCompile Include="..\..\Users\Kenny\AppData\Local\VisualGDB\EmbeddedBSPs\arm-eabi\com.sysprogs.arm.stm32\STM32F7xxxx\STM32F7xx_HAL_Driver\Src\stm32f7xx_hal_i2c.c">
      <Filter>Source files\Device-specific files\HAL</Filter>
    </ClCompile>
    <ClCompile Include="..\..\Users\Kenny\AppData\Local\VisualGDB\EmbeddedBSPs\arm-eabi\com.sysprogs.arm.stm32\STM32F7xxxx\STM32F7xx_HAL_Driver\Src\stm32f7xx_hal_i2c_ex.c">
      <Filter>Source files\Device-specific files\HAL</Filter>
    </ClCompile>
    <ClCompile Include="..\..\Users\Kenny\AppData\Local\VisualGDB\EmbeddedBSPs\arm-eabi\com.sysprogs.arm.stm32\STM32F7xxxx\STM32F7xx_HAL_Driver\Src\stm32f7xx_hal_i2s.c">
      <Filter>Source files\Device-specific files\HAL</Filter>
    </ClCompile>
    <ClCompile Include="..\..\Users\Kenny\AppData\Local\VisualGDB\EmbeddedBSPs\arm-eabi\com.sysprogs.arm.stm32\STM32F7xxxx\STM32F7xx_HAL_Driver\Src\stm32f7xx_hal_irda.c">
      <Filter>Source files\Device-specific files\HAL</Filter>
    </ClCompile>
    <ClCompile Include="..\..\Users\Kenny\AppData\Local\VisualGDB\EmbeddedBSPs\arm-eabi\com.sysprogs.arm.stm32\STM32F7xxxx\STM32F7xx_HAL_Driver\Src\stm32f7xx_hal_iwdg.c">
      <Filter>Source files\Device-specific files\HAL</Filter>
    </ClCompile>
    <ClCompile Include="..\..\Users\Kenny\AppData\Local\VisualGDB\EmbeddedBSPs\arm-eabi\com.sysprogs.arm.stm32\STM32F7xxxx\STM32F7xx_HAL_Driver\Src\stm32f7xx_hal_lptim.c">
      <Filter>Source files\Device-specific files\HAL</Filter>
    </ClCompile>
    <ClCompile Include="..\..\Users\Kenny\AppData\Local\VisualGDB\EmbeddedBSPs\arm-eabi\com.sysprogs.arm.stm32\STM32F7xxxx\STM32F7xx_HAL_Driver\Src\stm32f7xx_hal_ltdc.c">
      <Filter>Source files\Device-specific files\HAL</Filter>
    </ClCompile>
    <ClCompile Include="..\..\Users\Kenny\AppData\Local\VisualGDB\EmbeddedBSPs\arm-eabi\com.sysprogs.arm.stm32\STM32F7xxxx\STM32F7xx_HAL_Driver\Src\stm32f7xx_hal_nand.c">
      <Filter>Source files\Device-specific files\HAL</Filter>
    </ClCompile>
    <ClCompile Include="..\..\Users\Kenny\AppData\Local\VisualGDB\EmbeddedBSPs\arm-eabi\com.sysprogs.arm.stm32\STM32F7xxxx\STM32F7xx_HAL_Driver\Src\stm32f7xx_hal_nor.c">
      <Filter>Source files\Device-specific files\HAL</Filter>
    </ClCompile>
    <ClCompile Include="..\..\Users\Kenny\AppData\Local\VisualGDB\EmbeddedBSPs\arm-eabi\com.sysprogs.arm.stm32\STM32F7xxxx\STM32F7xx_HAL_Driver\Src\stm32f7xx_hal_pcd.c">
      <Filter>Source files\Device-specific files\HAL</Filter>
    </ClCompile>
    <ClCompile Include="..\..\Users\Kenny\AppData\Local\VisualGDB\EmbeddedBSPs\arm-eabi\com.sysprogs.arm.stm32\STM32F7xxxx\STM32F7xx_HAL_Driver\Src\stm32f7xx_hal_pcd_ex.c">
      <Filter>Source files\Device-specific files\HAL</Filter>
    </ClCompile>
    <ClCompile Include="..\..\Users\Kenny\AppData\Local\VisualGDB\EmbeddedBSPs\arm-eabi\com.sysprogs.arm.stm32\STM32F7xxxx\STM32F7xx_HAL_Driver\Src\stm32f7xx_hal_pwr.c">
      <Filter>Source files\Device-specific files\HAL</Filter>
    </ClCompile>
    <ClCompile Include="..\..\Users\Kenny\AppData\Local\VisualGDB\EmbeddedBSPs\arm-eabi\com.sysprogs.arm.stm32\STM32F7xxxx\STM32F7xx_HAL_Driver\Src\stm32f7xx_hal_pwr_ex.c">
      <Filter>Source files\Device-specific files\HAL</Filter>
    </ClCompile>
    <ClCompile Include="..\..\Users\Kenny\AppData\Local\VisualGDB\EmbeddedBSPs\arm-eabi\com.sysprogs.arm.stm32\STM32F7xxxx\STM32F7xx_HAL_Driver\Src\stm32f7xx_hal_qspi.c">
      <Filter>Source files\Device-specific files\HAL</Filter>
    </ClCompile>
    <ClCompile Include="..\..\Users\Kenny\AppData\Local\VisualGDB\EmbeddedBSPs\arm-eabi\com.sysprogs.arm.stm32\STM32F7xxxx\STM32F7xx_HAL_Driver\Src\stm32f7xx_hal_rcc.c">
      <Filter>Source files\Device-specific files\HAL</Filter>
    </ClCompile>
    <ClCompile Include="..\..\Users\Kenny\AppData\Local\VisualGDB\EmbeddedBSPs\arm-eabi\com.sysprogs.arm.stm32\STM32F7xxxx\STM32F7xx_HAL_Driver\Src\stm32f7xx_hal_rcc_ex.c">
      <Filter>Source files\Device-specific files\HAL</Filter>
    </ClCompile>
    <ClCompile Include="..\..\Users\Kenny\AppData\Local\VisualGDB\EmbeddedBSPs\arm-eabi\com.sysprogs.arm.stm32\STM32F7xxxx\STM32F7xx_HAL_Driver\Src\stm32f7xx_hal_rng.c">
      <Filter>Source files\Device-specific files\HAL</Filter>
    </ClCompile>
    <ClCompile Include="..\..\Users\Kenny\AppData\Local\VisualGDB\EmbeddedBSPs\arm-eabi\com.sysprogs.arm.stm32\STM32F7xxxx\STM32F7xx_HAL_Driver\Src\stm32f7xx_hal_rtc.c">
      <Filter>Source files\Device-specific files\HAL</Filter>
    </ClCompile>
    <ClCompile Include="..\..\Users\Kenny\AppData\Local\VisualGDB\EmbeddedBSPs\arm-eabi\com.sysprogs.arm.stm32\STM32F7xxxx\STM32F7xx_HAL_Driver\Src\stm32f7xx_hal_rtc_ex.c">
      <Filter>Source files\Device-specific files\HAL</Filter>
    </ClCompile>
    <ClCompile Include="..\..\Users\Kenny\AppData\Local\VisualGDB\EmbeddedBSPs\arm-eabi\com.sysprogs.arm.stm32\STM32F7xxxx\STM32F7xx_HAL_Driver\Src\stm32f7xx_hal_sai.c">
      <Filter>Source files\Device-specific files\HAL</Filter>
    </ClCompile>
    <ClCompile Include="..\..\Users\Kenny\AppData\Local\VisualGDB\EmbeddedBSPs\arm-eabi\com.sysprogs.arm.stm32\STM32F7xxxx\STM32F7xx_HAL_Driver\Src\stm32f7xx_hal_sai_ex.c">
      <Filter>Source files\Device-specific files\HAL</Filter>
    </ClCompile>
    <ClCompile Include="..\..\Users\Kenny\AppData\Local\VisualGDB\EmbeddedBSPs\arm-eabi\com.sysprogs.arm.stm32\STM32F7xxxx\STM32F7xx_HAL_Driver\Src\stm32f7xx_hal_sd.c">
      <Filter>Source files\Device-specific files\HAL</Filter>
    </ClCompile>
    <ClCompile Include="..\..\Users\Kenny\AppData\Local\VisualGDB\EmbeddedBSPs\arm-eabi\com.sysprogs.arm.stm32\STM32F7xxxx\STM32F7xx_HAL_Driver\Src\stm32f7xx_hal_sdram.c">
      <Filter>Source files\Device-specific files\HAL</Filter>
    </ClCompile>
    <ClCompile Include="..\..\Users\Kenny\AppData\Local\VisualGDB\EmbeddedBSPs\arm-eabi\com.sysprogs.arm.stm32\STM32F7xxxx\STM32F7xx_HAL_Driver\Src\stm32f7xx_hal_smartcard.c">
      <Filter>Source files\Device-specific files\HAL</Filter>
    </ClCompile>
    <ClCompile Include="..\..\Users\Kenny\AppData\Local\VisualGDB\EmbeddedBSPs\arm-eabi\com.sysprogs.arm.stm32\STM32F7xxxx\STM32F7xx_HAL_Driver\Src\stm32f7xx_hal_smartcard_ex.c">
      <Filter>Source files\Device-specific files\HAL</Filter>
    </ClCompile>
    <ClCompile Include="..\..\Users\Kenny\AppData\Local\VisualGDB\EmbeddedBSPs\arm-eabi\com.sysprogs.arm.stm32\STM32F7xxxx\STM32F7xx_HAL_Driver\Src\stm32f7xx_hal_spdifrx.c">
      <Filter>Source files\Device-specific files\HAL</Filter>
    </ClCompile>
    <ClCompile Include="..\..\Users\Kenny\AppData\Local\VisualGDB\EmbeddedBSPs\arm-eabi\com.sysprogs.arm.stm32\STM32F7xxxx\STM32F7xx_HAL_Driver\Src\stm32f7xx_hal_spi.c">
      <Filter>Source files\Device-specific files\HAL</Filter>
    </ClCompile>
    <ClCompile Include="..\..\Users\Kenny\AppData\Local\VisualGDB\EmbeddedBSPs\arm-eabi\com.sysprogs.arm.stm32\STM32F7xxxx\STM32F7xx_HAL_Driver\Src\stm32f7xx_hal_sram.c">
      <Filter>Source files\Device-specific files\HAL</Filter>
    </ClCompile>
    <ClCompile Include="..\..\Users\Kenny\AppData\Local\VisualGDB\EmbeddedBSPs\arm-eabi\com.sysprogs.arm.stm32\STM32F7xxxx\STM32F7xx_HAL_Driver\Src\stm32f7xx_hal_tim.c">
      <Filter>Source files\Device-specific files\HAL</Filter>
    </ClCompile>
    <ClCompile Include="..\..\Users\Kenny\AppData\Local\VisualGDB\EmbeddedBSPs\arm-eabi\com.sysprogs.arm.stm32\STM32F7xxxx\STM32F7xx_HAL_Driver\Src\stm32f7xx_hal_tim_ex.c">
      <Filter>Source files\Device-specific files\HAL</Filter>
    </ClCompile>
    <ClCompile Include="..\..\Users\Kenny\AppData\Local\VisualGDB\EmbeddedBSPs\arm-eabi\com.sysprogs.arm.stm32\STM32F7xxxx\STM32F7xx_HAL_Driver\Src\stm32f7xx_hal_uart.c">
      <Filter>Source files\Device-specific files\HAL</Filter>
    </ClCompile>
    <ClCompile Include="..\..\Users\Kenny\AppData\Local\VisualGDB\EmbeddedBSPs\arm-eabi\com.sysprogs.arm.stm32\STM32F7xxxx\STM32F7xx_HAL_Driver\Src\stm32f7xx_hal_usart.c">
      <Filter>Source files\Device-specific files\HAL</Filter>
    </ClCompile>
    <ClCompile Include="..\..\Users\Kenny\AppData\Local\VisualGDB\EmbeddedBSPs\arm-eabi\com.sysprogs.arm.stm32\STM32F7xxxx\STM32F7xx_HAL_Driver\Src\stm32f7xx_hal_wwdg.c">
      <Filter>Source files\Device-specific files\HAL</Filter>
    </ClCompile>
    <ClCompile Include="..\..\Users\Kenny\AppData\Local\VisualGDB\EmbeddedBSPs\arm-eabi\com.sysprogs.arm.stm32\STM32F7xxxx\STM32F7xx_HAL_Driver\Src\stm32f7xx_ll_fmc.c">
      <Filter>Source files\Device-specific files\HAL</Filter>
    </ClCompile>
    <ClCompile Include="..\..\Users\Kenny\AppData\Local\VisualGDB\EmbeddedBSPs\arm-eabi\com.sysprogs.arm.stm32\STM32F7xxxx\STM32F7xx_HAL_Driver\Src\stm32f7xx_ll_sdmmc.c">
      <Filter>Source files\Device-specific files\HAL</Filter>
    </ClCompile>
    <ClCompile Include="..\..\Users\Kenny\AppData\Local\VisualGDB\EmbeddedBSPs\arm-eabi\com.sysprogs.arm.stm32\STM32F7xxxx\STM32F7xx_HAL_Driver\Src\stm32f7xx_ll_usb.c">
      <Filter>Source files\Device-specific files\HAL</Filter>
    </ClCompile>
    <ClCompile Include="..\..\Users\Kenny\AppData\Local\VisualGDB\EmbeddedBSPs\arm-eabi\com.sysprogs.arm.stm32\STM32F7xxxx\BSP\STM32746G-Discovery\stm32746g_discovery.c">
      <Filter>Source files\Device-specific files\Board</Filter>
    </ClCompile>
    <ClCompile Include="..\..\Users\Kenny\AppData\Local\VisualGDB\EmbeddedBSPs\arm-eabi\com.sysprogs.arm.stm32\STM32F7xxxx\BSP\STM32746G-Discovery\stm32746g_discovery_lcd.c">
      <Filter>Source files\Device-specific files\Board</Filter>
    </ClCompile>
    <ClCompile Include="..\..\Users\Kenny\AppData\Local\VisualGDB\EmbeddedBSPs\arm-eabi\com.sysprogs.arm.stm32\STM32F7xxxx\BSP\STM32746G-Discovery\stm32746g_discovery_ts.c">
      <Filter>Source files\Device-specific files\Board</Filter>
    </ClCompile>
  </ItemGroup>
  <ItemGroup>
    <ClInclude Include="ethernetif.h">
      <Filter>Header files</Filter>
    </ClInclude>
    <ClInclude Include="FreeRTOSConfig.h">
      <Filter>Header files</Filter>
    </ClInclude>
    <ClInclude Include="lwipopts.h">
      <Filter>Header files</Filter>
    </ClInclude>
    <ClInclude Include="stm32f7xx_hal_conf.h">
      <Filter>Header files</Filter>
    </ClInclude>
    <ClInclude Include="..\..\Users\Kenny\AppData\Local\VisualGDB\EmbeddedBSPs\arm-eabi\com.sysprogs.arm.stm32\FreeRTOS\Source\CMSIS_RTOS\cmsis_os.h">
      <Filter>Header files\Device-specific files\FreeRTOS</Filter>
    </ClInclude>
    <ClInclude Include="..\..\Users\Kenny\AppData\Local\VisualGDB\EmbeddedBSPs\arm-eabi\com.sysprogs.arm.stm32\FreeRTOS\Source\include\croutine.h">
      <Filter>Header files\Device-specific files\FreeRTOS</Filter>
    </ClInclude>
    <ClInclude Include="..\..\Users\Kenny\AppData\Local\VisualGDB\EmbeddedBSPs\arm-eabi\com.sysprogs.arm.stm32\FreeRTOS\Source\include\deprecated_definitions.h">
      <Filter>Header files\Device-specific files\FreeRTOS</Filter>
    </ClInclude>
    <ClInclude Include="..\..\Users\Kenny\AppData\Local\VisualGDB\EmbeddedBSPs\arm-eabi\com.sysprogs.arm.stm32\FreeRTOS\Source\include\event_groups.h">
      <Filter>Header files\Device-specific files\FreeRTOS</Filter>
    </ClInclude>
    <ClInclude Include="..\..\Users\Kenny\AppData\Local\VisualGDB\EmbeddedBSPs\arm-eabi\com.sysprogs.arm.stm32\FreeRTOS\Source\include\FreeRTOS.h">
      <Filter>Header files\Device-specific files\FreeRTOS</Filter>
    </ClInclude>
    <ClInclude Include="..\..\Users\Kenny\AppData\Local\VisualGDB\EmbeddedBSPs\arm-eabi\com.sysprogs.arm.stm32\FreeRTOS\Source\include\list.h">
      <Filter>Header files\Device-specific files\FreeRTOS</Filter>
    </ClInclude>
    <ClInclude Include="..\..\Users\Kenny\AppData\Local\VisualGDB\EmbeddedBSPs\arm-eabi\com.sysprogs.arm.stm32\FreeRTOS\Source\include\mpu_wrappers.h">
      <Filter>Header files\Device-specific files\FreeRTOS</Filter>
    </ClInclude>
    <ClInclude Include="..\..\Users\Kenny\AppData\Local\VisualGDB\EmbeddedBSPs\arm-eabi\com.sysprogs.arm.stm32\FreeRTOS\Source\include\portable.h">
      <Filter>Header files\Device-specific files\FreeRTOS</Filter>
    </ClInclude>
    <ClInclude Include="..\..\Users\Kenny\AppData\Local\VisualGDB\EmbeddedBSPs\arm-eabi\com.sysprogs.arm.stm32\FreeRTOS\Source\include\projdefs.h">
      <Filter>Header files\Device-specific files\FreeRTOS</Filter>
    </ClInclude>
    <ClInclude Include="..\..\Users\Kenny\AppData\Local\VisualGDB\EmbeddedBSPs\arm-eabi\com.sysprogs.arm.stm32\FreeRTOS\Source\include\queue.h">
      <Filter>Header files\Device-specific files\FreeRTOS</Filter>
    </ClInclude>
    <ClInclude Include="..\..\Users\Kenny\AppData\Local\VisualGDB\EmbeddedBSPs\arm-eabi\com.sysprogs.arm.stm32\FreeRTOS\Source\include\semphr.h">
      <Filter>Header files\Device-specific files\FreeRTOS</Filter>
    </ClInclude>
    <ClInclude Include="..\..\Users\Kenny\AppData\Local\VisualGDB\EmbeddedBSPs\arm-eabi\com.sysprogs.arm.stm32\FreeRTOS\Source\include\StackMacros.h">
      <Filter>Header files\Device-specific files\FreeRTOS</Filter>
    </ClInclude>
    <ClInclude Include="..\..\Users\Kenny\AppData\Local\VisualGDB\EmbeddedBSPs\arm-eabi\com.sysprogs.arm.stm32\FreeRTOS\Source\include\task.h">
      <Filter>Header files\Device-specific files\FreeRTOS</Filter>
    </ClInclude>
    <ClInclude Include="..\..\Users\Kenny\AppData\Local\VisualGDB\EmbeddedBSPs\arm-eabi\com.sysprogs.arm.stm32\FreeRTOS\Source\include\timers.h">
      <Filter>Header files\Device-specific files\FreeRTOS</Filter>
    </ClInclude>
    <ClInclude Include="..\..\Users\Kenny\AppData\Local\VisualGDB\EmbeddedBSPs\arm-eabi\com.sysprogs.arm.stm32\FreeRTOS\Source\portable\GCC\ARM_CM3\portmacro.h">
      <Filter>Header files\Device-specific files\FreeRTOS</Filter>
    </ClInclude>
    <ClInclude Include="..\..\Users\Kenny\AppData\Local\VisualGDB\EmbeddedBSPs\arm-eabi\com.sysprogs.arm.stm32\LwIP\src\include\ipv4\lwip\autoip.h">
      <Filter>Header files\Device-specific files\LwIP</Filter>
    </ClInclude>
    <ClInclude Include="..\..\Users\Kenny\AppData\Local\VisualGDB\EmbeddedBSPs\arm-eabi\com.sysprogs.arm.stm32\LwIP\src\include\ipv4\lwip\icmp.h">
      <Filter>Header files\Device-specific files\LwIP</Filter>
    </ClInclude>
    <ClInclude Include="..\..\Users\Kenny\AppData\Local\VisualGDB\EmbeddedBSPs\arm-eabi\com.sysprogs.arm.stm32\LwIP\src\include\ipv4\lwip\igmp.h">
      <Filter>Header files\Device-specific files\LwIP</Filter>
    </ClInclude>
    <ClInclude Include="..\..\Users\Kenny\AppData\Local\VisualGDB\EmbeddedBSPs\arm-eabi\com.sysprogs.arm.stm32\LwIP\src\include\ipv4\lwip\inet.h">
      <Filter>Header files\Device-specific files\LwIP</Filter>
    </ClInclude>
    <ClInclude Include="..\..\Users\Kenny\AppData\Local\VisualGDB\EmbeddedBSPs\arm-eabi\com.sysprogs.arm.stm32\LwIP\src\include\ipv4\lwip\inet_chksum.h">
      <Filter>Header files\Device-specific files\LwIP</Filter>
    </ClInclude>
    <ClInclude Include="..\..\Users\Kenny\AppData\Local\VisualGDB\EmbeddedBSPs\arm-eabi\com.sysprogs.arm.stm32\LwIP\src\include\ipv4\lwip\ip.h">
      <Filter>Header files\Device-specific files\LwIP</Filter>
    </ClInclude>
    <ClInclude Include="..\..\Users\Kenny\AppData\Local\VisualGDB\EmbeddedBSPs\arm-eabi\com.sysprogs.arm.stm32\LwIP\src\include\ipv4\lwip\ip_addr.h">
      <Filter>Header files\Device-specific files\LwIP</Filter>
    </ClInclude>
    <ClInclude Include="..\..\Users\Kenny\AppData\Local\VisualGDB\EmbeddedBSPs\arm-eabi\com.sysprogs.arm.stm32\LwIP\src\include\ipv4\lwip\ip_frag.h">
      <Filter>Header files\Device-specific files\LwIP</Filter>
    </ClInclude>
    <ClInclude Include="..\..\Users\Kenny\AppData\Local\VisualGDB\EmbeddedBSPs\arm-eabi\com.sysprogs.arm.stm32\LwIP\src\include\lwip\api.h">
      <Filter>Header files\Device-specific files\LwIP</Filter>
    </ClInclude>
    <ClInclude Include="..\..\Users\Kenny\AppData\Local\VisualGDB\EmbeddedBSPs\arm-eabi\com.sysprogs.arm.stm32\LwIP\src\include\lwip\api_msg.h">
      <Filter>Header files\Device-specific files\LwIP</Filter>
    </ClInclude>
    <ClInclude Include="..\..\Users\Kenny\AppData\Local\VisualGDB\EmbeddedBSPs\arm-eabi\com.sysprogs.arm.stm32\LwIP\src\include\lwip\arch.h">
      <Filter>Header files\Device-specific files\LwIP</Filter>
    </ClInclude>
    <ClInclude Include="..\..\Users\Kenny\AppData\Local\VisualGDB\EmbeddedBSPs\arm-eabi\com.sysprogs.arm.stm32\LwIP\src\include\lwip\debug.h">
      <Filter>Header files\Device-specific files\LwIP</Filter>
    </ClInclude>
    <ClInclude Include="..\..\Users\Kenny\AppData\Local\VisualGDB\EmbeddedBSPs\arm-eabi\com.sysprogs.arm.stm32\LwIP\src\include\lwip\def.h">
      <Filter>Header files\Device-specific files\LwIP</Filter>
    </ClInclude>
    <ClInclude Include="..\..\Users\Kenny\AppData\Local\VisualGDB\EmbeddedBSPs\arm-eabi\com.sysprogs.arm.stm32\LwIP\src\include\lwip\dhcp.h">
      <Filter>Header files\Device-specific files\LwIP</Filter>
    </ClInclude>
    <ClInclude Include="..\..\Users\Kenny\AppData\Local\VisualGDB\EmbeddedBSPs\arm-eabi\com.sysprogs.arm.stm32\LwIP\src\include\lwip\dns.h">
      <Filter>Header files\Device-specific files\LwIP</Filter>
    </ClInclude>
    <ClInclude Include="..\..\Users\Kenny\AppData\Local\VisualGDB\EmbeddedBSPs\arm-eabi\com.sysprogs.arm.stm32\LwIP\src\include\lwip\err.h">
      <Filter>Header files\Device-specific files\LwIP</Filter>
    </ClInclude>
    <ClInclude Include="..\..\Users\Kenny\AppData\Local\VisualGDB\EmbeddedBSPs\arm-eabi\com.sysprogs.arm.stm32\LwIP\src\include\lwip\init.h">
      <Filter>Header files\Device-specific files\LwIP</Filter>
    </ClInclude>
    <ClInclude Include="..\..\Users\Kenny\AppData\Local\VisualGDB\EmbeddedBSPs\arm-eabi\com.sysprogs.arm.stm32\LwIP\src\include\lwip\lwip_timers.h">
      <Filter>Header files\Device-specific files\LwIP</Filter>
    </ClInclude>
    <ClInclude Include="..\..\Users\Kenny\AppData\Local\VisualGDB\EmbeddedBSPs\arm-eabi\com.sysprogs.arm.stm32\LwIP\src\include\lwip\mem.h">
      <Filter>Header files\Device-specific files\LwIP</Filter>
    </ClInclude>
    <ClInclude Include="..\..\Users\Kenny\AppData\Local\VisualGDB\EmbeddedBSPs\arm-eabi\com.sysprogs.arm.stm32\LwIP\src\include\lwip\memp.h">
      <Filter>Header files\Device-specific files\LwIP</Filter>
    </ClInclude>
    <ClInclude Include="..\..\Users\Kenny\AppData\Local\VisualGDB\EmbeddedBSPs\arm-eabi\com.sysprogs.arm.stm32\LwIP\src\include\lwip\memp_std.h">
      <Filter>Header files\Device-specific files\LwIP</Filter>
    </ClInclude>
    <ClInclude Include="..\..\Users\Kenny\AppData\Local\VisualGDB\EmbeddedBSPs\arm-eabi\com.sysprogs.arm.stm32\LwIP\src\include\lwip\netbuf.h">
      <Filter>Header files\Device-specific files\LwIP</Filter>
    </ClInclude>
    <ClInclude Include="..\..\Users\Kenny\AppData\Local\VisualGDB\EmbeddedBSPs\arm-eabi\com.sysprogs.arm.stm32\LwIP\src\include\lwip\netdb.h">
      <Filter>Header files\Device-specific files\LwIP</Filter>
    </ClInclude>
    <ClInclude Include="..\..\Users\Kenny\AppData\Local\VisualGDB\EmbeddedBSPs\arm-eabi\com.sysprogs.arm.stm32\LwIP\src\include\lwip\netif.h">
      <Filter>Header files\Device-specific files\LwIP</Filter>
    </ClInclude>
    <ClInclude Include="..\..\Users\Kenny\AppData\Local\VisualGDB\EmbeddedBSPs\arm-eabi\com.sysprogs.arm.stm32\LwIP\src\include\lwip\netifapi.h">
      <Filter>Header files\Device-specific files\LwIP</Filter>
    </ClInclude>
    <ClInclude Include="..\..\Users\Kenny\AppData\Local\VisualGDB\EmbeddedBSPs\arm-eabi\com.sysprogs.arm.stm32\LwIP\src\include\lwip\opt.h">
      <Filter>Header files\Device-specific files\LwIP</Filter>
    </ClInclude>
    <ClInclude Include="..\..\Users\Kenny\AppData\Local\VisualGDB\EmbeddedBSPs\arm-eabi\com.sysprogs.arm.stm32\LwIP\src\include\lwip\pbuf.h">
      <Filter>Header files\Device-specific files\LwIP</Filter>
    </ClInclude>
    <ClInclude Include="..\..\Users\Kenny\AppData\Local\VisualGDB\EmbeddedBSPs\arm-eabi\com.sysprogs.arm.stm32\LwIP\src\include\lwip\raw.h">
      <Filter>Header files\Device-specific files\LwIP</Filter>
    </ClInclude>
    <ClInclude Include="..\..\Users\Kenny\AppData\Local\VisualGDB\EmbeddedBSPs\arm-eabi\com.sysprogs.arm.stm32\LwIP\src\include\lwip\sio.h">
      <Filter>Header files\Device-specific files\LwIP</Filter>
    </ClInclude>
    <ClInclude Include="..\..\Users\Kenny\AppData\Local\VisualGDB\EmbeddedBSPs\arm-eabi\com.sysprogs.arm.stm32\LwIP\src\include\lwip\snmp.h">
      <Filter>Header files\Device-specific files\LwIP</Filter>
    </ClInclude>
    <ClInclude Include="..\..\Users\Kenny\AppData\Local\VisualGDB\EmbeddedBSPs\arm-eabi\com.sysprogs.arm.stm32\LwIP\src\include\lwip\snmp_asn1.h">
      <Filter>Header files\Device-specific files\LwIP</Filter>
    </ClInclude>
    <ClInclude Include="..\..\Users\Kenny\AppData\Local\VisualGDB\EmbeddedBSPs\arm-eabi\com.sysprogs.arm.stm32\LwIP\src\include\lwip\snmp_msg.h">
      <Filter>Header files\Device-specific files\LwIP</Filter>
    </ClInclude>
    <ClInclude Include="..\..\Users\Kenny\AppData\Local\VisualGDB\EmbeddedBSPs\arm-eabi\com.sysprogs.arm.stm32\LwIP\src\include\lwip\snmp_structs.h">
      <Filter>Header files\Device-specific files\LwIP</Filter>
    </ClInclude>
    <ClInclude Include="..\..\Users\Kenny\AppData\Local\VisualGDB\EmbeddedBSPs\arm-eabi\com.sysprogs.arm.stm32\LwIP\src\include\lwip\sockets.h">
      <Filter>Header files\Device-specific files\LwIP</Filter>
    </ClInclude>
    <ClInclude Include="..\..\Users\Kenny\AppData\Local\VisualGDB\EmbeddedBSPs\arm-eabi\com.sysprogs.arm.stm32\LwIP\src\include\lwip\stats.h">
      <Filter>Header files\Device-specific files\LwIP</Filter>
    </ClInclude>
    <ClInclude Include="..\..\Users\Kenny\AppData\Local\VisualGDB\EmbeddedBSPs\arm-eabi\com.sysprogs.arm.stm32\LwIP\src\include\lwip\sys.h">
      <Filter>Header files\Device-specific files\LwIP</Filter>
    </ClInclude>
    <ClInclude Include="..\..\Users\Kenny\AppData\Local\VisualGDB\EmbeddedBSPs\arm-eabi\com.sysprogs.arm.stm32\LwIP\src\include\lwip\tcp.h">
      <Filter>Header files\Device-specific files\LwIP</Filter>
    </ClInclude>
    <ClInclude Include="..\..\Users\Kenny\AppData\Local\VisualGDB\EmbeddedBSPs\arm-eabi\com.sysprogs.arm.stm32\LwIP\src\include\lwip\tcpip.h">
      <Filter>Header files\Device-specific files\LwIP</Filter>
    </ClInclude>
    <ClInclude Include="..\..\Users\Kenny\AppData\Local\VisualGDB\EmbeddedBSPs\arm-eabi\com.sysprogs.arm.stm32\LwIP\src\include\lwip\tcp_impl.h">
      <Filter>Header files\Device-specific files\LwIP</Filter>
    </ClInclude>
    <ClInclude Include="..\..\Users\Kenny\AppData\Local\VisualGDB\EmbeddedBSPs\arm-eabi\com.sysprogs.arm.stm32\LwIP\src\include\lwip\udp.h">
      <Filter>Header files\Device-specific files\LwIP</Filter>
    </ClInclude>
    <ClInclude Include="..\..\Users\Kenny\AppData\Local\VisualGDB\EmbeddedBSPs\arm-eabi\com.sysprogs.arm.stm32\LwIP\src\include\netif\etharp.h">
      <Filter>Header files\Device-specific files\LwIP</Filter>
    </ClInclude>
    <ClInclude Include="..\..\Users\Kenny\AppData\Local\VisualGDB\EmbeddedBSPs\arm-eabi\com.sysprogs.arm.stm32\LwIP\src\include\netif\ppp_oe.h">
      <Filter>Header files\Device-specific files\LwIP</Filter>
    </ClInclude>
    <ClInclude Include="..\..\Users\Kenny\AppData\Local\VisualGDB\EmbeddedBSPs\arm-eabi\com.sysprogs.arm.stm32\LwIP\src\include\netif\slipif.h">
      <Filter>Header files\Device-specific files\LwIP</Filter>
    </ClInclude>
    <ClInclude Include="..\..\Users\Kenny\AppData\Local\VisualGDB\EmbeddedBSPs\arm-eabi\com.sysprogs.arm.stm32\LwIP\src\include\posix\sys\socket.h">
      <Filter>Header files\Device-specific files\LwIP</Filter>
    </ClInclude>
    <ClInclude Include="..\..\Users\Kenny\AppData\Local\VisualGDB\EmbeddedBSPs\arm-eabi\com.sysprogs.arm.stm32\LwIP\src\netif\ppp\auth.h">
      <Filter>Header files\Device-specific files\LwIP</Filter>
    </ClInclude>
    <ClInclude Include="..\..\Users\Kenny\AppData\Local\VisualGDB\EmbeddedBSPs\arm-eabi\com.sysprogs.arm.stm32\LwIP\src\netif\ppp\chap.h">
      <Filter>Header files\Device-specific files\LwIP</Filter>
    </ClInclude>
    <ClInclude Include="..\..\Users\Kenny\AppData\Local\VisualGDB\EmbeddedBSPs\arm-eabi\com.sysprogs.arm.stm32\LwIP\src\netif\ppp\chpms.h">
      <Filter>Header files\Device-specific files\LwIP</Filter>
    </ClInclude>
    <ClInclude Include="..\..\Users\Kenny\AppData\Local\VisualGDB\EmbeddedBSPs\arm-eabi\com.sysprogs.arm.stm32\LwIP\src\netif\ppp\fsm.h">
      <Filter>Header files\Device-specific files\LwIP</Filter>
    </ClInclude>
    <ClInclude Include="..\..\Users\Kenny\AppData\Local\VisualGDB\EmbeddedBSPs\arm-eabi\com.sysprogs.arm.stm32\LwIP\src\netif\ppp\ipcp.h">
      <Filter>Header files\Device-specific files\LwIP</Filter>
    </ClInclude>
    <ClInclude Include="..\..\Users\Kenny\AppData\Local\VisualGDB\EmbeddedBSPs\arm-eabi\com.sysprogs.arm.stm32\LwIP\src\netif\ppp\lcp.h">
      <Filter>Header files\Device-specific files\LwIP</Filter>
    </ClInclude>
    <ClInclude Include="..\..\Users\Kenny\AppData\Local\VisualGDB\EmbeddedBSPs\arm-eabi\com.sysprogs.arm.stm32\LwIP\src\netif\ppp\magic.h">
      <Filter>Header files\Device-specific files\LwIP</Filter>
    </ClInclude>
    <ClInclude Include="..\..\Users\Kenny\AppData\Local\VisualGDB\EmbeddedBSPs\arm-eabi\com.sysprogs.arm.stm32\LwIP\src\netif\ppp\md5.h">
      <Filter>Header files\Device-specific files\LwIP</Filter>
    </ClInclude>
    <ClInclude Include="..\..\Users\Kenny\AppData\Local\VisualGDB\EmbeddedBSPs\arm-eabi\com.sysprogs.arm.stm32\LwIP\src\netif\ppp\pap.h">
      <Filter>Header files\Device-specific files\LwIP</Filter>
    </ClInclude>
    <ClInclude Include="..\..\Users\Kenny\AppData\Local\VisualGDB\EmbeddedBSPs\arm-eabi\com.sysprogs.arm.stm32\LwIP\src\netif\ppp\ppp.h">
      <Filter>Header files\Device-specific files\LwIP</Filter>
    </ClInclude>
    <ClInclude Include="..\..\Users\Kenny\AppData\Local\VisualGDB\EmbeddedBSPs\arm-eabi\com.sysprogs.arm.stm32\LwIP\src\netif\ppp\pppdebug.h">
      <Filter>Header files\Device-specific files\LwIP</Filter>
    </ClInclude>
    <ClInclude Include="..\..\Users\Kenny\AppData\Local\VisualGDB\EmbeddedBSPs\arm-eabi\com.sysprogs.arm.stm32\LwIP\src\netif\ppp\ppp_impl.h">
      <Filter>Header files\Device-specific files\LwIP</Filter>
    </ClInclude>
    <ClInclude Include="..\..\Users\Kenny\AppData\Local\VisualGDB\EmbeddedBSPs\arm-eabi\com.sysprogs.arm.stm32\LwIP\src\netif\ppp\randm.h">
      <Filter>Header files\Device-specific files\LwIP</Filter>
    </ClInclude>
    <ClInclude Include="..\..\Users\Kenny\AppData\Local\VisualGDB\EmbeddedBSPs\arm-eabi\com.sysprogs.arm.stm32\LwIP\src\netif\ppp\vj.h">
      <Filter>Header files\Device-specific files\LwIP</Filter>
    </ClInclude>
    <ClInclude Include="..\..\Users\Kenny\AppData\Local\VisualGDB\EmbeddedBSPs\arm-eabi\com.sysprogs.arm.stm32\STM32F7xxxx\STM32F7xx_HAL_Driver\Inc\stm32f7xx_hal.h">
      <Filter>Header files\Device-specific files\HAL</Filter>
    </ClInclude>
    <ClInclude Include="..\..\Users\Kenny\AppData\Local\VisualGDB\EmbeddedBSPs\arm-eabi\com.sysprogs.arm.stm32\STM32F7xxxx\STM32F7xx_HAL_Driver\Inc\stm32f7xx_hal_adc.h">
      <Filter>Header files\Device-specific files\HAL</Filter>
    </ClInclude>
    <ClInclude Include="..\..\Users\Kenny\AppData\Local\VisualGDB\EmbeddedBSPs\arm-eabi\com.sysprogs.arm.stm32\STM32F7xxxx\STM32F7xx_HAL_Driver\Inc\stm32f7xx_hal_adc_ex.h">
      <Filter>Header files\Device-specific files\HAL</Filter>
    </ClInclude>
    <ClInclude Include="..\..\Users\Kenny\AppData\Local\VisualGDB\EmbeddedBSPs\arm-eabi\com.sysprogs.arm.stm32\STM32F7xxxx\STM32F7xx_HAL_Driver\Inc\stm32f7xx_hal_can.h">
      <Filter>Header files\Device-specific files\HAL</Filter>
    </ClInclude>
    <ClInclude Include="..\..\Users\Kenny\AppData\Local\VisualGDB\EmbeddedBSPs\arm-eabi\com.sysprogs.arm.stm32\STM32F7xxxx\STM32F7xx_HAL_Driver\Inc\stm32f7xx_hal_cec.h">
      <Filter>Header files\Device-specific files\HAL</Filter>
    </ClInclude>
    <ClInclude Include="..\..\Users\Kenny\AppData\Local\VisualGDB\EmbeddedBSPs\arm-eabi\com.sysprogs.arm.stm32\STM32F7xxxx\STM32F7xx_HAL_Driver\Inc\stm32f7xx_hal_cortex.h">
      <Filter>Header files\Device-specific files\HAL</Filter>
    </ClInclude>
    <ClInclude Include="..\..\Users\Kenny\AppData\Local\VisualGDB\EmbeddedBSPs\arm-eabi\com.sysprogs.arm.stm32\STM32F7xxxx\STM32F7xx_HAL_Driver\Inc\stm32f7xx_hal_crc.h">
      <Filter>Header files\Device-specific files\HAL</Filter>
    </ClInclude>
    <ClInclude Include="..\..\Users\Kenny\AppData\Local\VisualGDB\EmbeddedBSPs\arm-eabi\com.sysprogs.arm.stm32\STM32F7xxxx\STM32F7xx_HAL_Driver\Inc\stm32f7xx_hal_crc_ex.h">
      <Filter>Header files\Device-specific files\HAL</Filter>
    </ClInclude>
    <ClInclude Include="..\..\Users\Kenny\AppData\Local\VisualGDB\EmbeddedBSPs\arm-eabi\com.sysprogs.arm.stm32\STM32F7xxxx\STM32F7xx_HAL_Driver\Inc\stm32f7xx_hal_cryp.h">
      <Filter>Header files\Device-specific files\HAL</Filter>
    </ClInclude>
    <ClInclude Include="..\..\Users\Kenny\AppData\Local\VisualGDB\EmbeddedBSPs\arm-eabi\com.sysprogs.arm.stm32\STM32F7xxxx\STM32F7xx_HAL_Driver\Inc\stm32f7xx_hal_cryp_ex.h">
      <Filter>Header files\Device-specific files\HAL</Filter>
    </ClInclude>
    <ClInclude Include="..\..\Users\Kenny\AppData\Local\VisualGDB\EmbeddedBSPs\arm-eabi\com.sysprogs.arm.stm32\STM32F7xxxx\STM32F7xx_HAL_Driver\Inc\stm32f7xx_hal_dac.h">
      <Filter>Header files\Device-specific files\HAL</Filter>
    </ClInclude>
    <ClInclude Include="..\..\Users\Kenny\AppData\Local\VisualGDB\EmbeddedBSPs\arm-eabi\com.sysprogs.arm.stm32\STM32F7xxxx\STM32F7xx_HAL_Driver\Inc\stm32f7xx_hal_dac_ex.h">
      <Filter>Header files\Device-specific files\HAL</Filter>
    </ClInclude>
    <ClInclude Include="..\..\Users\Kenny\AppData\Local\VisualGDB\EmbeddedBSPs\arm-eabi\com.sysprogs.arm.stm32\STM32F7xxxx\STM32F7xx_HAL_Driver\Inc\stm32f7xx_hal_dcmi.h">
      <Filter>Header files\Device-specific files\HAL</Filter>
    </ClInclude>
    <ClInclude Include="..\..\Users\Kenny\AppData\Local\VisualGDB\EmbeddedBSPs\arm-eabi\com.sysprogs.arm.stm32\STM32F7xxxx\STM32F7xx_HAL_Driver\Inc\stm32f7xx_hal_dcmi_ex.h">
      <Filter>Header files\Device-specific files\HAL</Filter>
    </ClInclude>
    <ClInclude Include="..\..\Users\Kenny\AppData\Local\VisualGDB\EmbeddedBSPs\arm-eabi\com.sysprogs.arm.stm32\STM32F7xxxx\STM32F7xx_HAL_Driver\Inc\stm32f7xx_hal_def.h">
      <Filter>Header files\Device-specific files\HAL</Filter>
    </ClInclude>
    <ClInclude Include="..\..\Users\Kenny\AppData\Local\VisualGDB\EmbeddedBSPs\arm-eabi\com.sysprogs.arm.stm32\STM32F7xxxx\STM32F7xx_HAL_Driver\Inc\stm32f7xx_hal_dma.h">
      <Filter>Header files\Device-specific files\HAL</Filter>
    </ClInclude>
    <ClInclude Include="..\..\Users\Kenny\AppData\Local\VisualGDB\EmbeddedBSPs\arm-eabi\com.sysprogs.arm.stm32\STM32F7xxxx\STM32F7xx_HAL_Driver\Inc\stm32f7xx_hal_dma2d.h">
      <Filter>Header files\Device-specific files\HAL</Filter>
    </ClInclude>
    <ClInclude Include="..\..\Users\Kenny\AppData\Local\VisualGDB\EmbeddedBSPs\arm-eabi\com.sysprogs.arm.stm32\STM32F7xxxx\STM32F7xx_HAL_Driver\Inc\stm32f7xx_hal_dma_ex.h">
      <Filter>Header files\Device-specific files\HAL</Filter>
    </ClInclude>
    <ClInclude Include="..\..\Users\Kenny\AppData\Local\VisualGDB\EmbeddedBSPs\arm-eabi\com.sysprogs.arm.stm32\STM32F7xxxx\STM32F7xx_HAL_Driver\Inc\stm32f7xx_hal_eth.h">
      <Filter>Header files\Device-specific files\HAL</Filter>
    </ClInclude>
    <ClInclude Include="..\..\Users\Kenny\AppData\Local\VisualGDB\EmbeddedBSPs\arm-eabi\com.sysprogs.arm.stm32\STM32F7xxxx\STM32F7xx_HAL_Driver\Inc\stm32f7xx_hal_flash.h">
      <Filter>Header files\Device-specific files\HAL</Filter>
    </ClInclude>
    <ClInclude Include="..\..\Users\Kenny\AppData\Local\VisualGDB\EmbeddedBSPs\arm-eabi\com.sysprogs.arm.stm32\STM32F7xxxx\STM32F7xx_HAL_Driver\Inc\stm32f7xx_hal_flash_ex.h">
      <Filter>Header files\Device-specific files\HAL</Filter>
    </ClInclude>
    <ClInclude Include="..\..\Users\Kenny\AppData\Local\VisualGDB\EmbeddedBSPs\arm-eabi\com.sysprogs.arm.stm32\STM32F7xxxx\STM32F7xx_HAL_Driver\Inc\stm32f7xx_hal_gpio.h">
      <Filter>Header files\Device-specific files\HAL</Filter>
    </ClInclude>
    <ClInclude Include="..\..\Users\Kenny\AppData\Local\VisualGDB\EmbeddedBSPs\arm-eabi\com.sysprogs.arm.stm32\STM32F7xxxx\STM32F7xx_HAL_Driver\Inc\stm32f7xx_hal_gpio_ex.h">
      <Filter>Header files\Device-specific files\HAL</Filter>
    </ClInclude>
    <ClInclude Include="..\..\Users\Kenny\AppData\Local\VisualGDB\EmbeddedBSPs\arm-eabi\com.sysprogs.arm.stm32\STM32F7xxxx\STM32F7xx_HAL_Driver\Inc\stm32f7xx_hal_hash.h">
      <Filter>Header files\Device-specific files\HAL</Filter>
    </ClInclude>
    <ClInclude Include="..\..\Users\Kenny\AppData\Local\VisualGDB\EmbeddedBSPs\arm-eabi\com.sysprogs.arm.stm32\STM32F7xxxx\STM32F7xx_HAL_Driver\Inc\stm32f7xx_hal_hash_ex.h">
      <Filter>Header files\Device-specific files\HAL</Filter>
    </ClInclude>
    <ClInclude Include="..\..\Users\Kenny\AppData\Local\VisualGDB\EmbeddedBSPs\arm-eabi\com.sysprogs.arm.stm32\STM32F7xxxx\STM32F7xx_HAL_Driver\Inc\stm32f7xx_hal_hcd.h">
      <Filter>Header files\Device-specific files\HAL</Filter>
    </ClInclude>
    <ClInclude Include="..\..\Users\Kenny\AppData\Local\VisualGDB\EmbeddedBSPs\arm-eabi\com.sysprogs.arm.stm32\STM32F7xxxx\STM32F7xx_HAL_Driver\Inc\stm32f7xx_hal_i2c.h">
      <Filter>Header files\Device-specific files\HAL</Filter>
    </ClInclude>
    <ClInclude Include="..\..\Users\Kenny\AppData\Local\VisualGDB\EmbeddedBSPs\arm-eabi\com.sysprogs.arm.stm32\STM32F7xxxx\STM32F7xx_HAL_Driver\Inc\stm32f7xx_hal_i2c_ex.h">
      <Filter>Header files\Device-specific files\HAL</Filter>
    </ClInclude>
    <ClInclude Include="..\..\Users\Kenny\AppData\Local\VisualGDB\EmbeddedBSPs\arm-eabi\com.sysprogs.arm.stm32\STM32F7xxxx\STM32F7xx_HAL_Driver\Inc\stm32f7xx_hal_i2s.h">
      <Filter>Header files\Device-specific files\HAL</Filter>
    </ClInclude>
    <ClInclude Include="..\..\Users\Kenny\AppData\Local\VisualGDB\EmbeddedBSPs\arm-eabi\com.sysprogs.arm.stm32\STM32F7xxxx\STM32F7xx_HAL_Driver\Inc\stm32f7xx_hal_irda.h">
      <Filter>Header files\Device-specific files\HAL</Filter>
    </ClInclude>
    <ClInclude Include="..\..\Users\Kenny\AppData\Local\VisualGDB\EmbeddedBSPs\arm-eabi\com.sysprogs.arm.stm32\STM32F7xxxx\STM32F7xx_HAL_Driver\Inc\stm32f7xx_hal_irda_ex.h">
      <Filter>Header files\Device-specific files\HAL</Filter>
    </ClInclude>
    <ClInclude Include="..\..\Users\Kenny\AppData\Local\VisualGDB\EmbeddedBSPs\arm-eabi\com.sysprogs.arm.stm32\STM32F7xxxx\STM32F7xx_HAL_Driver\Inc\stm32f7xx_hal_iwdg.h">
      <Filter>Header files\Device-specific files\HAL</Filter>
    </ClInclude>
    <ClInclude Include="..\..\Users\Kenny\AppData\Local\VisualGDB\EmbeddedBSPs\arm-eabi\com.sysprogs.arm.stm32\STM32F7xxxx\STM32F7xx_HAL_Driver\Inc\stm32f7xx_hal_lptim.h">
      <Filter>Header files\Device-specific files\HAL</Filter>
    </ClInclude>
    <ClInclude Include="..\..\Users\Kenny\AppData\Local\VisualGDB\EmbeddedBSPs\arm-eabi\com.sysprogs.arm.stm32\STM32F7xxxx\STM32F7xx_HAL_Driver\Inc\stm32f7xx_hal_ltdc.h">
      <Filter>Header files\Device-specific files\HAL</Filter>
    </ClInclude>
    <ClInclude Include="..\..\Users\Kenny\AppData\Local\VisualGDB\EmbeddedBSPs\arm-eabi\com.sysprogs.arm.stm32\STM32F7xxxx\STM32F7xx_HAL_Driver\Inc\stm32f7xx_hal_nand.h">
      <Filter>Header files\Device-specific files\HAL</Filter>
    </ClInclude>
    <ClInclude Include="..\..\Users\Kenny\AppData\Local\VisualGDB\EmbeddedBSPs\arm-eabi\com.sysprogs.arm.stm32\STM32F7xxxx\STM32F7xx_HAL_Driver\Inc\stm32f7xx_hal_nor.h">
      <Filter>Header files\Device-specific files\HAL</Filter>
    </ClInclude>
    <ClInclude Include="..\..\Users\Kenny\AppData\Local\VisualGDB\EmbeddedBSPs\arm-eabi\com.sysprogs.arm.stm32\STM32F7xxxx\STM32F7xx_HAL_Driver\Inc\stm32f7xx_hal_pcd.h">
      <Filter>Header files\Device-specific files\HAL</Filter>
    </ClInclude>
    <ClInclude Include="..\..\Users\Kenny\AppData\Local\VisualGDB\EmbeddedBSPs\arm-eabi\com.sysprogs.arm.stm32\STM32F7xxxx\STM32F7xx_HAL_Driver\Inc\stm32f7xx_hal_pcd_ex.h">
      <Filter>Header files\Device-specific files\HAL</Filter>
    </ClInclude>
    <ClInclude Include="..\..\Users\Kenny\AppData\Local\VisualGDB\EmbeddedBSPs\arm-eabi\com.sysprogs.arm.stm32\STM32F7xxxx\STM32F7xx_HAL_Driver\Inc\stm32f7xx_hal_pwr.h">
      <Filter>Header files\Device-specific files\HAL</Filter>
    </ClInclude>
    <ClInclude Include="..\..\Users\Kenny\AppData\Local\VisualGDB\EmbeddedBSPs\arm-eabi\com.sysprogs.arm.stm32\STM32F7xxxx\STM32F7xx_HAL_Driver\Inc\stm32f7xx_hal_pwr_ex.h">
      <Filter>Header files\Device-specific files\HAL</Filter>
    </ClInclude>
    <ClInclude Include="..\..\Users\Kenny\AppData\Local\VisualGDB\EmbeddedBSPs\arm-eabi\com.sysprogs.arm.stm32\STM32F7xxxx\STM32F7xx_HAL_Driver\Inc\stm32f7xx_hal_qspi.h">
      <Filter>Header files\Device-specific files\HAL</Filter>
    </ClInclude>
    <ClInclude Include="..\..\Users\Kenny\AppData\Local\VisualGDB\EmbeddedBSPs\arm-eabi\com.sysprogs.arm.stm32\STM32F7xxxx\STM32F7xx_HAL_Driver\Inc\stm32f7xx_hal_rcc.h">
      <Filter>Header files\Device-specific files\HAL</Filter>
    </ClInclude>
    <ClInclude Include="..\..\Users\Kenny\AppData\Local\VisualGDB\EmbeddedBSPs\arm-eabi\com.sysprogs.arm.stm32\STM32F7xxxx\STM32F7xx_HAL_Driver\Inc\stm32f7xx_hal_rcc_ex.h">
      <Filter>Header files\Device-specific files\HAL</Filter>
    </ClInclude>
    <ClInclude Include="..\..\Users\Kenny\AppData\Local\VisualGDB\EmbeddedBSPs\arm-eabi\com.sysprogs.arm.stm32\STM32F7xxxx\STM32F7xx_HAL_Driver\Inc\stm32f7xx_hal_rng.h">
      <Filter>Header files\Device-specific files\HAL</Filter>
    </ClInclude>
    <ClInclude Include="..\..\Users\Kenny\AppData\Local\VisualGDB\EmbeddedBSPs\arm-eabi\com.sysprogs.arm.stm32\STM32F7xxxx\STM32F7xx_HAL_Driver\Inc\stm32f7xx_hal_rtc.h">
      <Filter>Header files\Device-specific files\HAL</Filter>
    </ClInclude>
    <ClInclude Include="..\..\Users\Kenny\AppData\Local\VisualGDB\EmbeddedBSPs\arm-eabi\com.sysprogs.arm.stm32\STM32F7xxxx\STM32F7xx_HAL_Driver\Inc\stm32f7xx_hal_rtc_ex.h">
      <Filter>Header files\Device-specific files\HAL</Filter>
    </ClInclude>
    <ClInclude Include="..\..\Users\Kenny\AppData\Local\VisualGDB\EmbeddedBSPs\arm-eabi\com.sysprogs.arm.stm32\STM32F7xxxx\STM32F7xx_HAL_Driver\Inc\stm32f7xx_hal_sai.h">
      <Filter>Header files\Device-specific files\HAL</Filter>
    </ClInclude>
    <ClInclude Include="..\..\Users\Kenny\AppData\Local\VisualGDB\EmbeddedBSPs\arm-eabi\com.sysprogs.arm.stm32\STM32F7xxxx\STM32F7xx_HAL_Driver\Inc\stm32f7xx_hal_sai_ex.h">
      <Filter>Header files\Device-specific files\HAL</Filter>
    </ClInclude>
    <ClInclude Include="..\..\Users\Kenny\AppData\Local\VisualGDB\EmbeddedBSPs\arm-eabi\com.sysprogs.arm.stm32\STM32F7xxxx\STM32F7xx_HAL_Driver\Inc\stm32f7xx_hal_sd.h">
      <Filter>Header files\Device-specific files\HAL</Filter>
    </ClInclude>
    <ClInclude Include="..\..\Users\Kenny\AppData\Local\VisualGDB\EmbeddedBSPs\arm-eabi\com.sysprogs.arm.stm32\STM32F7xxxx\STM32F7xx_HAL_Driver\Inc\stm32f7xx_hal_sdram.h">
      <Filter>Header files\Device-specific files\HAL</Filter>
    </ClInclude>
    <ClInclude Include="..\..\Users\Kenny\AppData\Local\VisualGDB\EmbeddedBSPs\arm-eabi\com.sysprogs.arm.stm32\STM32F7xxxx\STM32F7xx_HAL_Driver\Inc\stm32f7xx_hal_smartcard.h">
      <Filter>Header files\Device-specific files\HAL</Filter>
    </ClInclude>
    <ClInclude Include="..\..\Users\Kenny\AppData\Local\VisualGDB\EmbeddedBSPs\arm-eabi\com.sysprogs.arm.stm32\STM32F7xxxx\STM32F7xx_HAL_Driver\Inc\stm32f7xx_hal_smartcard_ex.h">
      <Filter>Header files\Device-specific files\HAL</Filter>
    </ClInclude>
    <ClInclude Include="..\..\Users\Kenny\AppData\Local\VisualGDB\EmbeddedBSPs\arm-eabi\com.sysprogs.arm.stm32\STM32F7xxxx\STM32F7xx_HAL_Driver\Inc\stm32f7xx_hal_spdifrx.h">
      <Filter>Header files\Device-specific files\HAL</Filter>
    </ClInclude>
    <ClInclude Include="..\..\Users\Kenny\AppData\Local\VisualGDB\EmbeddedBSPs\arm-eabi\com.sysprogs.arm.stm32\STM32F7xxxx\STM32F7xx_HAL_Driver\Inc\stm32f7xx_hal_spi.h">
      <Filter>Header files\Device-specific files\HAL</Filter>
    </ClInclude>
    <ClInclude Include="..\..\Users\Kenny\AppData\Local\VisualGDB\EmbeddedBSPs\arm-eabi\com.sysprogs.arm.stm32\STM32F7xxxx\STM32F7xx_HAL_Driver\Inc\stm32f7xx_hal_sram.h">
      <Filter>Header files\Device-specific files\HAL</Filter>
    </ClInclude>
    <ClInclude Include="..\..\Users\Kenny\AppData\Local\VisualGDB\EmbeddedBSPs\arm-eabi\com.sysprogs.arm.stm32\STM32F7xxxx\STM32F7xx_HAL_Driver\Inc\stm32f7xx_hal_tim.h">
      <Filter>Header files\Device-specific files\HAL</Filter>
    </ClInclude>
    <ClInclude Include="..\..\Users\Kenny\AppData\Local\VisualGDB\EmbeddedBSPs\arm-eabi\com.sysprogs.arm.stm32\STM32F7xxxx\STM32F7xx_HAL_Driver\Inc\stm32f7xx_hal_tim_ex.h">
      <Filter>Header files\Device-specific files\HAL</Filter>
    </ClInclude>
    <ClInclude Include="..\..\Users\Kenny\AppData\Local\VisualGDB\EmbeddedBSPs\arm-eabi\com.sysprogs.arm.stm32\STM32F7xxxx\STM32F7xx_HAL_Driver\Inc\stm32f7xx_hal_uart.h">
      <Filter>Header files\Device-specific files\HAL</Filter>
    </ClInclude>
    <ClInclude Include="..\..\Users\Kenny\AppData\Local\VisualGDB\EmbeddedBSPs\arm-eabi\com.sysprogs.arm.stm32\STM32F7xxxx\STM32F7xx_HAL_Driver\Inc\stm32f7xx_hal_uart_ex.h">
      <Filter>Header files\Device-specific files\HAL</Filter>
    </ClInclude>
    <ClInclude Include="..\..\Users\Kenny\AppData\Local\VisualGDB\EmbeddedBSPs\arm-eabi\com.sysprogs.arm.stm32\STM32F7xxxx\STM32F7xx_HAL_Driver\Inc\stm32f7xx_hal_usart.h">
      <Filter>Header files\Device-specific files\HAL</Filter>
    </ClInclude>
    <ClInclude Include="..\..\Users\Kenny\AppData\Local\VisualGDB\EmbeddedBSPs\arm-eabi\com.sysprogs.arm.stm32\STM32F7xxxx\STM32F7xx_HAL_Driver\Inc\stm32f7xx_hal_usart_ex.h">
      <Filter>Header files\Device-specific files\HAL</Filter>
    </ClInclude>
    <ClInclude Include="..\..\Users\Kenny\AppData\Local\VisualGDB\EmbeddedBSPs\arm-eabi\com.sysprogs.arm.stm32\STM32F7xxxx\STM32F7xx_HAL_Driver\Inc\stm32f7xx_hal_wwdg.h">
      <Filter>Header files\Device-specific files\HAL</Filter>
    </ClInclude>
    <ClInclude Include="..\..\Users\Kenny\AppData\Local\VisualGDB\EmbeddedBSPs\arm-eabi\com.sysprogs.arm.stm32\STM32F7xxxx\STM32F7xx_HAL_Driver\Inc\stm32f7xx_ll_fmc.h">
      <Filter>Header files\Device-specific files\HAL</Filter>
    </ClInclude>
    <ClInclude Include="..\..\Users\Kenny\AppData\Local\VisualGDB\EmbeddedBSPs\arm-eabi\com.sysprogs.arm.stm32\STM32F7xxxx\STM32F7xx_HAL_Driver\Inc\stm32f7xx_ll_sdmmc.h">
      <Filter>Header files\Device-specific files\HAL</Filter>
    </ClInclude>
    <ClInclude Include="..\..\Users\Kenny\AppData\Local\VisualGDB\EmbeddedBSPs\arm-eabi\com.sysprogs.arm.stm32\STM32F7xxxx\STM32F7xx_HAL_Driver\Inc\stm32f7xx_ll_usb.h">
      <Filter>Header files\Device-specific files\HAL</Filter>
    </ClInclude>
    <ClInclude Include="..\..\Users\Kenny\AppData\Local\VisualGDB\EmbeddedBSPs\arm-eabi\com.sysprogs.arm.stm32\STM32F7xxxx\STM32F7xx_HAL_Driver\Inc\Legacy\stm32_hal_legacy.h">
      <Filter>Header files\Device-specific files\HAL</Filter>
    </ClInclude>
    <ClInclude Include="..\..\Users\Kenny\AppData\Local\VisualGDB\EmbeddedBSPs\arm-eabi\com.sysprogs.arm.stm32\STM32F7xxxx\CMSIS_HAL\Device\ST\STM32F7xx\Include\stm32f7xx.h">
      <Filter>Header files\Device-specific files\HAL</Filter>
    </ClInclude>
    <ClInclude Include="..\..\Users\Kenny\AppData\Local\VisualGDB\EmbeddedBSPs\arm-eabi\com.sysprogs.arm.stm32\STM32F7xxxx\CMSIS_HAL\Device\ST\STM32F7xx\Include\system_stm32f7xx.h">
      <Filter>Header files\Device-specific files\HAL</Filter>
    </ClInclude>
    <ClInclude Include="..\..\Users\Kenny\AppData\Local\VisualGDB\EmbeddedBSPs\arm-eabi\com.sysprogs.arm.stm32\STM32F7xxxx\CMSIS_HAL\Include\arm_common_tables.h">
      <Filter>Header files\Device-specific files\HAL</Filter>
    </ClInclude>
    <ClInclude Include="..\..\Users\Kenny\AppData\Local\VisualGDB\EmbeddedBSPs\arm-eabi\com.sysprogs.arm.stm32\STM32F7xxxx\CMSIS_HAL\Include\arm_const_structs.h">
      <Filter>Header files\Device-specific files\HAL</Filter>
    </ClInclude>
    <ClInclude Include="..\..\Users\Kenny\AppData\Local\VisualGDB\EmbeddedBSPs\arm-eabi\com.sysprogs.arm.stm32\STM32F7xxxx\CMSIS_HAL\Include\arm_math.h">
      <Filter>Header files\Device-specific files\HAL</Filter>
    </ClInclude>
    <ClInclude Include="..\..\Users\Kenny\AppData\Local\VisualGDB\EmbeddedBSPs\arm-eabi\com.sysprogs.arm.stm32\STM32F7xxxx\CMSIS_HAL\Include\cmsis_armcc.h">
      <Filter>Header files\Device-specific files\HAL</Filter>
    </ClInclude>
    <ClInclude Include="..\..\Users\Kenny\AppData\Local\VisualGDB\EmbeddedBSPs\arm-eabi\com.sysprogs.arm.stm32\STM32F7xxxx\CMSIS_HAL\Include\cmsis_armcc_V6.h">
      <Filter>Header files\Device-specific files\HAL</Filter>
    </ClInclude>
    <ClInclude Include="..\..\Users\Kenny\AppData\Local\VisualGDB\EmbeddedBSPs\arm-eabi\com.sysprogs.arm.stm32\STM32F7xxxx\CMSIS_HAL\Include\cmsis_gcc.h">
      <Filter>Header files\Device-specific files\HAL</Filter>
    </ClInclude>
    <ClInclude Include="..\..\Users\Kenny\AppData\Local\VisualGDB\EmbeddedBSPs\arm-eabi\com.sysprogs.arm.stm32\STM32F7xxxx\CMSIS_HAL\Include\core_cm0.h">
      <Filter>Header files\Device-specific files\HAL</Filter>
    </ClInclude>
    <ClInclude Include="..\..\Users\Kenny\AppData\Local\VisualGDB\EmbeddedBSPs\arm-eabi\com.sysprogs.arm.stm32\STM32F7xxxx\CMSIS_HAL\Include\core_cm0plus.h">
      <Filter>Header files\Device-specific files\HAL</Filter>
    </ClInclude>
    <ClInclude Include="..\..\Users\Kenny\AppData\Local\VisualGDB\EmbeddedBSPs\arm-eabi\com.sysprogs.arm.stm32\STM32F7xxxx\CMSIS_HAL\Include\core_cm3.h">
      <Filter>Header files\Device-specific files\HAL</Filter>
    </ClInclude>
    <ClInclude Include="..\..\Users\Kenny\AppData\Local\VisualGDB\EmbeddedBSPs\arm-eabi\com.sysprogs.arm.stm32\STM32F7xxxx\CMSIS_HAL\Include\core_cm4.h">
      <Filter>Header files\Device-specific files\HAL</Filter>
    </ClInclude>
    <ClInclude Include="..\..\Users\Kenny\AppData\Local\VisualGDB\EmbeddedBSPs\arm-eabi\com.sysprogs.arm.stm32\STM32F7xxxx\CMSIS_HAL\Include\core_cm7.h">
      <Filter>Header files\Device-specific files\HAL</Filter>
    </ClInclude>
    <ClInclude Include="..\..\Users\Kenny\AppData\Local\VisualGDB\EmbeddedBSPs\arm-eabi\com.sysprogs.arm.stm32\STM32F7xxxx\CMSIS_HAL\Include\core_cmFunc.h">
      <Filter>Header files\Device-specific files\HAL</Filter>
    </ClInclude>
    <ClInclude Include="..\..\Users\Kenny\AppData\Local\VisualGDB\EmbeddedBSPs\arm-eabi\com.sysprogs.arm.stm32\STM32F7xxxx\CMSIS_HAL\Include\core_cmInstr.h">
      <Filter>Header files\Device-specific files\HAL</Filter>
    </ClInclude>
    <ClInclude Include="..\..\Users\Kenny\AppData\Local\VisualGDB\EmbeddedBSPs\arm-eabi\com.sysprogs.arm.stm32\STM32F7xxxx\CMSIS_HAL\Include\core_cmSimd.h">
      <Filter>Header files\Device-specific files\HAL</Filter>
    </ClInclude>
    <ClInclude Include="..\..\Users\Kenny\AppData\Local\VisualGDB\EmbeddedBSPs\arm-eabi\com.sysprogs.arm.stm32\STM32F7xxxx\CMSIS_HAL\Include\core_sc000.h">
      <Filter>Header files\Device-specific files\HAL</Filter>
    </ClInclude>
    <ClInclude Include="..\..\Users\Kenny\AppData\Local\VisualGDB\EmbeddedBSPs\arm-eabi\com.sysprogs.arm.stm32\STM32F7xxxx\CMSIS_HAL\Include\core_sc300.h">
      <Filter>Header files\Device-specific files\HAL</Filter>
    </ClInclude>
    <ClInclude Include="..\..\Users\Kenny\AppData\Local\VisualGDB\EmbeddedBSPs\arm-eabi\com.sysprogs.arm.stm32\STM32F7xxxx\CMSIS_HAL\RTOS\Template\cmsis_os.h">
      <Filter>Header files\Device-specific files\HAL</Filter>
    </ClInclude>
    <ClInclude Include="..\..\Users\Kenny\AppData\Local\VisualGDB\EmbeddedBSPs\arm-eabi\com.sysprogs.arm.stm32\STM32F7xxxx\BSP\STM32746G-Discovery\stm32746g_discovery.h">
      <Filter>Header files\Device-specific files\Board</Filter>
    </ClInclude>
    <ClInclude Include="..\..\Users\Kenny\AppData\Local\VisualGDB\EmbeddedBSPs\arm-eabi\com.sysprogs.arm.stm32\STM32F7xxxx\BSP\STM32746G-Discovery\stm32746g_discovery_lcd.h">
      <Filter>Header files\Device-specific files\Board</Filter>
    </ClInclude>
    <ClInclude Include="..\..\Users\Kenny\AppData\Local\VisualGDB\EmbeddedBSPs\arm-eabi\com.sysprogs.arm.stm32\STM32F7xxxx\BSP\STM32746G-Discovery\stm32746g_discovery_ts.h">
      <Filter>Header files\Device-specific files\Board</Filter>
    </ClInclude>
  </ItemGroup>
  <ItemGroup>
    <None Include="Makefile" />
    <None Include="debug.mak">
      <Filter>Make files</Filter>
    </None>
    <None Include="server-Debug.vgdbsettings">
      <Filter>VisualGDB settings</Filter>
    </None>
    <None Include="release.mak">
      <Filter>Make files</Filter>
    </None>
    <None Include="server-Release.vgdbsettings">
      <Filter>VisualGDB settings</Filter>
    </None>
    <None Include="stm32.mak">
      <Filter>Source files\Device-specific files</Filter>
    </None>
  </ItemGroup>
  <ItemGroup>
    <Xml Include="stm32.xml">
      <Filter>VisualGDB settings</Filter>
    </Xml>
  </ItemGroup>
  <ItemGroup>
    <Text Include="..\..\Users\Kenny\AppData\Local\VisualGDB\EmbeddedBSPs\arm-eabi\com.sysprogs.arm.stm32\FreeRTOS\License\license.txt">
      <Filter>Source files\Device-specific files\FreeRTOS</Filter>
    </Text>
    <Text Include="..\..\Users\Kenny\AppData\Local\VisualGDB\EmbeddedBSPs\arm-eabi\com.sysprogs.arm.stm32\FreeRTOS\Source\readme.txt">
      <Filter>Source files\Device-specific files\FreeRTOS</Filter>
    </Text>
    <Text Include="..\..\Users\Kenny\AppData\Local\VisualGDB\EmbeddedBSPs\arm-eabi\com.sysprogs.arm.stm32\FreeRTOS\Source\st_readme.txt">
      <Filter>Source files\Device-specific files\FreeRTOS</Filter>
    </Text>
  </ItemGroup>
</Project>